<?xml version="1.0" encoding="utf-8"?>
<Project ToolsVersion="4.0" xmlns="http://schemas.microsoft.com/developer/msbuild/2003">
  <ItemGroup>
    <Filter Include="Source Files">
      <UniqueIdentifier>{4FC737F1-C7A5-4376-A066-2A32D752A2FF}</UniqueIdentifier>
      <Extensions>cpp;c;cc;cxx;c++;cppm;ixx;def;odl;idl;hpj;bat;asm;asmx</Extensions>
    </Filter>
    <Filter Include="Header Files">
      <UniqueIdentifier>{93995380-89BD-4b04-88EB-625FBE52EBFB}</UniqueIdentifier>
      <Extensions>h;hh;hpp;hxx;h++;hm;inl;inc;ipp;xsd</Extensions>
    </Filter>
    <Filter Include="Resource Files">
      <UniqueIdentifier>{67DA6AB6-F800-4c08-8B7A-83BB121AAD01}</UniqueIdentifier>
      <Extensions>rc;ico;cur;bmp;dlg;rc2;rct;bin;rgs;gif;jpg;jpeg;jpe;resx;tiff;tif;png;wav;mfcribbon-ms</Extensions>
    </Filter>
  </ItemGroup>
  <ItemGroup>
    <ClCompile Include="src\FirstParty\src\main.cpp">
      <Filter>Source Files</Filter>
    </ClCompile>
    <ClCompile Include="src\FirstParty\src\Renderer.cpp">
      <Filter>Source Files</Filter>
    </ClCompile>
    <ClCompile Include="src\FirstParty\src\Engine.cpp">
      <Filter>Source Files</Filter>
    </ClCompile>
    <ClCompile Include="src\FirstParty\src\Databases.cpp">
      <Filter>Source Files</Filter>
    </ClCompile>
    <ClCompile Include="src\FirstParty\src\ActorManager.cpp">
      <Filter>Source Files</Filter>
    </ClCompile>
    <ClCompile Include="src\FirstParty\src\InputManager.cpp">
      <Filter>Source Files</Filter>
    </ClCompile>
    <ClCompile Include="src\FirstParty\src\SceneManager.cpp">
      <Filter>Source Files</Filter>
    </ClCompile>
    <ClCompile Include="src\FirstParty\src\AudioManager.cpp">
      <Filter>Source Files</Filter>
    </ClCompile>
    <ClCompile Include="src\FirstParty\src\ComponentManager.cpp">
      <Filter>Source Files</Filter>
    </ClCompile>
    <ClCompile Include="src\ThirdParty\lua-5.4.6\lapi.c">
      <Filter>Source Files</Filter>
    </ClCompile>
    <ClCompile Include="src\ThirdParty\lua-5.4.6\lauxlib.c">
      <Filter>Source Files</Filter>
    </ClCompile>
    <ClCompile Include="src\ThirdParty\lua-5.4.6\lbaselib.c">
      <Filter>Source Files</Filter>
    </ClCompile>
    <ClCompile Include="src\ThirdParty\lua-5.4.6\lcode.c">
      <Filter>Source Files</Filter>
    </ClCompile>
    <ClCompile Include="src\ThirdParty\lua-5.4.6\lcorolib.c">
      <Filter>Source Files</Filter>
    </ClCompile>
    <ClCompile Include="src\ThirdParty\lua-5.4.6\lctype.c">
      <Filter>Source Files</Filter>
    </ClCompile>
    <ClCompile Include="src\ThirdParty\lua-5.4.6\ldblib.c">
      <Filter>Source Files</Filter>
    </ClCompile>
    <ClCompile Include="src\ThirdParty\lua-5.4.6\ldebug.c">
      <Filter>Source Files</Filter>
    </ClCompile>
    <ClCompile Include="src\ThirdParty\lua-5.4.6\ldo.c">
      <Filter>Source Files</Filter>
    </ClCompile>
    <ClCompile Include="src\ThirdParty\lua-5.4.6\ldump.c">
      <Filter>Source Files</Filter>
    </ClCompile>
    <ClCompile Include="src\ThirdParty\lua-5.4.6\lfunc.c">
      <Filter>Source Files</Filter>
    </ClCompile>
    <ClCompile Include="src\ThirdParty\lua-5.4.6\lgc.c">
      <Filter>Source Files</Filter>
    </ClCompile>
    <ClCompile Include="src\ThirdParty\lua-5.4.6\linit.c">
      <Filter>Source Files</Filter>
    </ClCompile>
    <ClCompile Include="src\ThirdParty\lua-5.4.6\liolib.c">
      <Filter>Source Files</Filter>
    </ClCompile>
    <ClCompile Include="src\ThirdParty\lua-5.4.6\llex.c">
      <Filter>Source Files</Filter>
    </ClCompile>
    <ClCompile Include="src\ThirdParty\lua-5.4.6\lmathlib.c">
      <Filter>Source Files</Filter>
    </ClCompile>
    <ClCompile Include="src\ThirdParty\lua-5.4.6\lmem.c">
      <Filter>Source Files</Filter>
    </ClCompile>
    <ClCompile Include="src\ThirdParty\lua-5.4.6\loadlib.c">
      <Filter>Source Files</Filter>
    </ClCompile>
    <ClCompile Include="src\ThirdParty\lua-5.4.6\lobject.c">
      <Filter>Source Files</Filter>
    </ClCompile>
    <ClCompile Include="src\ThirdParty\lua-5.4.6\lopcodes.c">
      <Filter>Source Files</Filter>
    </ClCompile>
    <ClCompile Include="src\ThirdParty\lua-5.4.6\loslib.c">
      <Filter>Source Files</Filter>
    </ClCompile>
    <ClCompile Include="src\ThirdParty\lua-5.4.6\lparser.c">
      <Filter>Source Files</Filter>
    </ClCompile>
    <ClCompile Include="src\ThirdParty\lua-5.4.6\lstate.c">
      <Filter>Source Files</Filter>
    </ClCompile>
    <ClCompile Include="src\ThirdParty\lua-5.4.6\lstring.c">
      <Filter>Source Files</Filter>
    </ClCompile>
    <ClCompile Include="src\ThirdParty\lua-5.4.6\lstrlib.c">
      <Filter>Source Files</Filter>
    </ClCompile>
    <ClCompile Include="src\ThirdParty\lua-5.4.6\ltable.c">
      <Filter>Source Files</Filter>
    </ClCompile>
    <ClCompile Include="src\ThirdParty\lua-5.4.6\ltablib.c">
      <Filter>Source Files</Filter>
    </ClCompile>
    <ClCompile Include="src\ThirdParty\lua-5.4.6\ltm.c">
      <Filter>Source Files</Filter>
    </ClCompile>
    <ClCompile Include="src\ThirdParty\lua-5.4.6\lundump.c">
      <Filter>Source Files</Filter>
    </ClCompile>
    <ClCompile Include="src\ThirdParty\lua-5.4.6\lutf8lib.c">
      <Filter>Source Files</Filter>
    </ClCompile>
    <ClCompile Include="src\ThirdParty\lua-5.4.6\lvm.c">
      <Filter>Source Files</Filter>
    </ClCompile>
    <ClCompile Include="src\ThirdParty\lua-5.4.6\lzio.c">
      <Filter>Source Files</Filter>
    </ClCompile>
    <ClCompile Include="src\FirstParty\src\Rigidbody.cpp">
      <Filter>Source Files</Filter>
    </ClCompile>
    <ClCompile Include="src\ThirdParty\box2d-2.4.1\src\collision\b2_broad_phase.cpp">
      <Filter>Source Files</Filter>
    </ClCompile>
    <ClCompile Include="src\ThirdParty\box2d-2.4.1\src\collision\b2_chain_shape.cpp">
      <Filter>Source Files</Filter>
    </ClCompile>
    <ClCompile Include="src\ThirdParty\box2d-2.4.1\src\collision\b2_circle_shape.cpp">
      <Filter>Source Files</Filter>
    </ClCompile>
    <ClCompile Include="src\ThirdParty\box2d-2.4.1\src\collision\b2_collide_circle.cpp">
      <Filter>Source Files</Filter>
    </ClCompile>
    <ClCompile Include="src\ThirdParty\box2d-2.4.1\src\collision\b2_collide_edge.cpp">
      <Filter>Source Files</Filter>
    </ClCompile>
    <ClCompile Include="src\ThirdParty\box2d-2.4.1\src\collision\b2_collide_polygon.cpp">
      <Filter>Source Files</Filter>
    </ClCompile>
    <ClCompile Include="src\ThirdParty\box2d-2.4.1\src\collision\b2_collision.cpp">
      <Filter>Source Files</Filter>
    </ClCompile>
    <ClCompile Include="src\ThirdParty\box2d-2.4.1\src\collision\b2_distance.cpp">
      <Filter>Source Files</Filter>
    </ClCompile>
    <ClCompile Include="src\ThirdParty\box2d-2.4.1\src\collision\b2_dynamic_tree.cpp">
      <Filter>Source Files</Filter>
    </ClCompile>
    <ClCompile Include="src\ThirdParty\box2d-2.4.1\src\collision\b2_edge_shape.cpp">
      <Filter>Source Files</Filter>
    </ClCompile>
    <ClCompile Include="src\ThirdParty\box2d-2.4.1\src\collision\b2_polygon_shape.cpp">
      <Filter>Source Files</Filter>
    </ClCompile>
    <ClCompile Include="src\ThirdParty\box2d-2.4.1\src\collision\b2_time_of_impact.cpp">
      <Filter>Source Files</Filter>
    </ClCompile>
    <ClCompile Include="src\ThirdParty\box2d-2.4.1\src\common\b2_block_allocator.cpp">
      <Filter>Source Files</Filter>
    </ClCompile>
    <ClCompile Include="src\ThirdParty\box2d-2.4.1\src\common\b2_draw.cpp">
      <Filter>Source Files</Filter>
    </ClCompile>
    <ClCompile Include="src\ThirdParty\box2d-2.4.1\src\common\b2_math.cpp">
      <Filter>Source Files</Filter>
    </ClCompile>
    <ClCompile Include="src\ThirdParty\box2d-2.4.1\src\common\b2_settings.cpp">
      <Filter>Source Files</Filter>
    </ClCompile>
    <ClCompile Include="src\ThirdParty\box2d-2.4.1\src\common\b2_stack_allocator.cpp">
      <Filter>Source Files</Filter>
    </ClCompile>
    <ClCompile Include="src\ThirdParty\box2d-2.4.1\src\common\b2_timer.cpp">
      <Filter>Source Files</Filter>
    </ClCompile>
    <ClCompile Include="src\ThirdParty\box2d-2.4.1\src\dynamics\b2_body.cpp">
      <Filter>Source Files</Filter>
    </ClCompile>
    <ClCompile Include="src\ThirdParty\box2d-2.4.1\src\dynamics\b2_chain_circle_contact.cpp">
      <Filter>Source Files</Filter>
    </ClCompile>
    <ClCompile Include="src\ThirdParty\box2d-2.4.1\src\dynamics\b2_chain_polygon_contact.cpp">
      <Filter>Source Files</Filter>
    </ClCompile>
    <ClCompile Include="src\ThirdParty\box2d-2.4.1\src\dynamics\b2_circle_contact.cpp">
      <Filter>Source Files</Filter>
    </ClCompile>
    <ClCompile Include="src\ThirdParty\box2d-2.4.1\src\dynamics\b2_contact.cpp">
      <Filter>Source Files</Filter>
    </ClCompile>
    <ClCompile Include="src\ThirdParty\box2d-2.4.1\src\dynamics\b2_contact_manager.cpp">
      <Filter>Source Files</Filter>
    </ClCompile>
    <ClCompile Include="src\ThirdParty\box2d-2.4.1\src\dynamics\b2_contact_solver.cpp">
      <Filter>Source Files</Filter>
    </ClCompile>
    <ClCompile Include="src\ThirdParty\box2d-2.4.1\src\dynamics\b2_distance_joint.cpp">
      <Filter>Source Files</Filter>
    </ClCompile>
    <ClCompile Include="src\ThirdParty\box2d-2.4.1\src\dynamics\b2_edge_circle_contact.cpp">
      <Filter>Source Files</Filter>
    </ClCompile>
    <ClCompile Include="src\ThirdParty\box2d-2.4.1\src\dynamics\b2_edge_polygon_contact.cpp">
      <Filter>Source Files</Filter>
    </ClCompile>
    <ClCompile Include="src\ThirdParty\box2d-2.4.1\src\dynamics\b2_fixture.cpp">
      <Filter>Source Files</Filter>
    </ClCompile>
    <ClCompile Include="src\ThirdParty\box2d-2.4.1\src\dynamics\b2_friction_joint.cpp">
      <Filter>Source Files</Filter>
    </ClCompile>
    <ClCompile Include="src\ThirdParty\box2d-2.4.1\src\dynamics\b2_gear_joint.cpp">
      <Filter>Source Files</Filter>
    </ClCompile>
    <ClCompile Include="src\ThirdParty\box2d-2.4.1\src\dynamics\b2_island.cpp">
      <Filter>Source Files</Filter>
    </ClCompile>
    <ClCompile Include="src\ThirdParty\box2d-2.4.1\src\dynamics\b2_joint.cpp">
      <Filter>Source Files</Filter>
    </ClCompile>
    <ClCompile Include="src\ThirdParty\box2d-2.4.1\src\dynamics\b2_motor_joint.cpp">
      <Filter>Source Files</Filter>
    </ClCompile>
    <ClCompile Include="src\ThirdParty\box2d-2.4.1\src\dynamics\b2_mouse_joint.cpp">
      <Filter>Source Files</Filter>
    </ClCompile>
    <ClCompile Include="src\ThirdParty\box2d-2.4.1\src\dynamics\b2_polygon_circle_contact.cpp">
      <Filter>Source Files</Filter>
    </ClCompile>
    <ClCompile Include="src\ThirdParty\box2d-2.4.1\src\dynamics\b2_polygon_contact.cpp">
      <Filter>Source Files</Filter>
    </ClCompile>
    <ClCompile Include="src\ThirdParty\box2d-2.4.1\src\dynamics\b2_prismatic_joint.cpp">
      <Filter>Source Files</Filter>
    </ClCompile>
    <ClCompile Include="src\ThirdParty\box2d-2.4.1\src\dynamics\b2_pulley_joint.cpp">
      <Filter>Source Files</Filter>
    </ClCompile>
    <ClCompile Include="src\ThirdParty\box2d-2.4.1\src\dynamics\b2_revolute_joint.cpp">
      <Filter>Source Files</Filter>
    </ClCompile>
    <ClCompile Include="src\ThirdParty\box2d-2.4.1\src\dynamics\b2_weld_joint.cpp">
      <Filter>Source Files</Filter>
    </ClCompile>
    <ClCompile Include="src\ThirdParty\box2d-2.4.1\src\dynamics\b2_wheel_joint.cpp">
      <Filter>Source Files</Filter>
    </ClCompile>
    <ClCompile Include="src\ThirdParty\box2d-2.4.1\src\dynamics\b2_world.cpp">
      <Filter>Source Files</Filter>
    </ClCompile>
    <ClCompile Include="src\ThirdParty\box2d-2.4.1\src\dynamics\b2_world_callbacks.cpp">
      <Filter>Source Files</Filter>
    </ClCompile>
    <ClCompile Include="src\ThirdParty\box2d-2.4.1\src\rope\b2_rope.cpp">
      <Filter>Source Files</Filter>
    </ClCompile>
  </ItemGroup>
  <ItemGroup>
    <Library Include="src\ThirdParty\SDL2\lib\SDL2.lib" />
    <Library Include="src\ThirdParty\SDL2\lib\SDL2main.lib" />
    <Library Include="src\ThirdParty\SDL2_image\lib\SDL2_image.lib" />
  </ItemGroup>
  <ItemGroup>
    <ClInclude Include="src\ThirdParty\SDL2\begin_code.h">
      <Filter>Header Files</Filter>
    </ClInclude>
    <ClInclude Include="src\ThirdParty\SDL2\close_code.h">
      <Filter>Header Files</Filter>
    </ClInclude>
    <ClInclude Include="src\ThirdParty\SDL2\SDL.h">
      <Filter>Header Files</Filter>
    </ClInclude>
    <ClInclude Include="src\ThirdParty\SDL2\SDL_assert.h">
      <Filter>Header Files</Filter>
    </ClInclude>
    <ClInclude Include="src\ThirdParty\SDL2\SDL_atomic.h">
      <Filter>Header Files</Filter>
    </ClInclude>
    <ClInclude Include="src\ThirdParty\SDL2\SDL_audio.h">
      <Filter>Header Files</Filter>
    </ClInclude>
    <ClInclude Include="src\ThirdParty\SDL2\SDL_bits.h">
      <Filter>Header Files</Filter>
    </ClInclude>
    <ClInclude Include="src\ThirdParty\SDL2\SDL_blendmode.h">
      <Filter>Header Files</Filter>
    </ClInclude>
    <ClInclude Include="src\ThirdParty\SDL2\SDL_clipboard.h">
      <Filter>Header Files</Filter>
    </ClInclude>
    <ClInclude Include="src\ThirdParty\SDL2\SDL_config.h">
      <Filter>Header Files</Filter>
    </ClInclude>
    <ClInclude Include="src\ThirdParty\SDL2\SDL_cpuinfo.h">
      <Filter>Header Files</Filter>
    </ClInclude>
    <ClInclude Include="src\ThirdParty\SDL2\SDL_egl.h">
      <Filter>Header Files</Filter>
    </ClInclude>
    <ClInclude Include="src\ThirdParty\SDL2\SDL_endian.h">
      <Filter>Header Files</Filter>
    </ClInclude>
    <ClInclude Include="src\ThirdParty\SDL2\SDL_error.h">
      <Filter>Header Files</Filter>
    </ClInclude>
    <ClInclude Include="src\ThirdParty\SDL2\SDL_events.h">
      <Filter>Header Files</Filter>
    </ClInclude>
    <ClInclude Include="src\ThirdParty\SDL2\SDL_filesystem.h">
      <Filter>Header Files</Filter>
    </ClInclude>
    <ClInclude Include="src\ThirdParty\SDL2\SDL_gamecontroller.h">
      <Filter>Header Files</Filter>
    </ClInclude>
    <ClInclude Include="src\ThirdParty\SDL2\SDL_gesture.h">
      <Filter>Header Files</Filter>
    </ClInclude>
    <ClInclude Include="src\ThirdParty\SDL2\SDL_guid.h">
      <Filter>Header Files</Filter>
    </ClInclude>
    <ClInclude Include="src\ThirdParty\SDL2\SDL_haptic.h">
      <Filter>Header Files</Filter>
    </ClInclude>
    <ClInclude Include="src\ThirdParty\SDL2\SDL_hidapi.h">
      <Filter>Header Files</Filter>
    </ClInclude>
    <ClInclude Include="src\ThirdParty\SDL2\SDL_hints.h">
      <Filter>Header Files</Filter>
    </ClInclude>
    <ClInclude Include="src\ThirdParty\SDL2\SDL_joystick.h">
      <Filter>Header Files</Filter>
    </ClInclude>
    <ClInclude Include="src\ThirdParty\SDL2\SDL_keyboard.h">
      <Filter>Header Files</Filter>
    </ClInclude>
    <ClInclude Include="src\ThirdParty\SDL2\SDL_keycode.h">
      <Filter>Header Files</Filter>
    </ClInclude>
    <ClInclude Include="src\ThirdParty\SDL2\SDL_loadso.h">
      <Filter>Header Files</Filter>
    </ClInclude>
    <ClInclude Include="src\ThirdParty\SDL2\SDL_locale.h">
      <Filter>Header Files</Filter>
    </ClInclude>
    <ClInclude Include="src\ThirdParty\SDL2\SDL_log.h">
      <Filter>Header Files</Filter>
    </ClInclude>
    <ClInclude Include="src\ThirdParty\SDL2\SDL_main.h">
      <Filter>Header Files</Filter>
    </ClInclude>
    <ClInclude Include="src\ThirdParty\SDL2\SDL_messagebox.h">
      <Filter>Header Files</Filter>
    </ClInclude>
    <ClInclude Include="src\ThirdParty\SDL2\SDL_metal.h">
      <Filter>Header Files</Filter>
    </ClInclude>
    <ClInclude Include="src\ThirdParty\SDL2\SDL_misc.h">
      <Filter>Header Files</Filter>
    </ClInclude>
    <ClInclude Include="src\ThirdParty\SDL2\SDL_mouse.h">
      <Filter>Header Files</Filter>
    </ClInclude>
    <ClInclude Include="src\ThirdParty\SDL2\SDL_mutex.h">
      <Filter>Header Files</Filter>
    </ClInclude>
    <ClInclude Include="src\ThirdParty\SDL2\SDL_name.h">
      <Filter>Header Files</Filter>
    </ClInclude>
    <ClInclude Include="src\ThirdParty\SDL2\SDL_opengl.h">
      <Filter>Header Files</Filter>
    </ClInclude>
    <ClInclude Include="src\ThirdParty\SDL2\SDL_opengl_glext.h">
      <Filter>Header Files</Filter>
    </ClInclude>
    <ClInclude Include="src\ThirdParty\SDL2\SDL_opengles.h">
      <Filter>Header Files</Filter>
    </ClInclude>
    <ClInclude Include="src\ThirdParty\SDL2\SDL_opengles2.h">
      <Filter>Header Files</Filter>
    </ClInclude>
    <ClInclude Include="src\ThirdParty\SDL2\SDL_opengles2_gl2.h">
      <Filter>Header Files</Filter>
    </ClInclude>
    <ClInclude Include="src\ThirdParty\SDL2\SDL_opengles2_gl2ext.h">
      <Filter>Header Files</Filter>
    </ClInclude>
    <ClInclude Include="src\ThirdParty\SDL2\SDL_opengles2_gl2platform.h">
      <Filter>Header Files</Filter>
    </ClInclude>
    <ClInclude Include="src\ThirdParty\SDL2\SDL_opengles2_khrplatform.h">
      <Filter>Header Files</Filter>
    </ClInclude>
    <ClInclude Include="src\ThirdParty\SDL2\SDL_pixels.h">
      <Filter>Header Files</Filter>
    </ClInclude>
    <ClInclude Include="src\ThirdParty\SDL2\SDL_platform.h">
      <Filter>Header Files</Filter>
    </ClInclude>
    <ClInclude Include="src\ThirdParty\SDL2\SDL_power.h">
      <Filter>Header Files</Filter>
    </ClInclude>
    <ClInclude Include="src\ThirdParty\SDL2\SDL_quit.h">
      <Filter>Header Files</Filter>
    </ClInclude>
    <ClInclude Include="src\ThirdParty\SDL2\SDL_rect.h">
      <Filter>Header Files</Filter>
    </ClInclude>
    <ClInclude Include="src\ThirdParty\SDL2\SDL_render.h">
      <Filter>Header Files</Filter>
    </ClInclude>
    <ClInclude Include="src\ThirdParty\SDL2\SDL_revision.h">
      <Filter>Header Files</Filter>
    </ClInclude>
    <ClInclude Include="src\ThirdParty\SDL2\SDL_rwops.h">
      <Filter>Header Files</Filter>
    </ClInclude>
    <ClInclude Include="src\ThirdParty\SDL2\SDL_scancode.h">
      <Filter>Header Files</Filter>
    </ClInclude>
    <ClInclude Include="src\ThirdParty\SDL2\SDL_sensor.h">
      <Filter>Header Files</Filter>
    </ClInclude>
    <ClInclude Include="src\ThirdParty\SDL2\SDL_shape.h">
      <Filter>Header Files</Filter>
    </ClInclude>
    <ClInclude Include="src\ThirdParty\SDL2\SDL_stdinc.h">
      <Filter>Header Files</Filter>
    </ClInclude>
    <ClInclude Include="src\ThirdParty\SDL2\SDL_surface.h">
      <Filter>Header Files</Filter>
    </ClInclude>
    <ClInclude Include="src\ThirdParty\SDL2\SDL_system.h">
      <Filter>Header Files</Filter>
    </ClInclude>
    <ClInclude Include="src\ThirdParty\SDL2\SDL_syswm.h">
      <Filter>Header Files</Filter>
    </ClInclude>
    <ClInclude Include="src\ThirdParty\SDL2\SDL_test.h">
      <Filter>Header Files</Filter>
    </ClInclude>
    <ClInclude Include="src\ThirdParty\SDL2\SDL_test_assert.h">
      <Filter>Header Files</Filter>
    </ClInclude>
    <ClInclude Include="src\ThirdParty\SDL2\SDL_test_common.h">
      <Filter>Header Files</Filter>
    </ClInclude>
    <ClInclude Include="src\ThirdParty\SDL2\SDL_test_compare.h">
      <Filter>Header Files</Filter>
    </ClInclude>
    <ClInclude Include="src\ThirdParty\SDL2\SDL_test_crc32.h">
      <Filter>Header Files</Filter>
    </ClInclude>
    <ClInclude Include="src\ThirdParty\SDL2\SDL_test_font.h">
      <Filter>Header Files</Filter>
    </ClInclude>
    <ClInclude Include="src\ThirdParty\SDL2\SDL_test_fuzzer.h">
      <Filter>Header Files</Filter>
    </ClInclude>
    <ClInclude Include="src\ThirdParty\SDL2\SDL_test_harness.h">
      <Filter>Header Files</Filter>
    </ClInclude>
    <ClInclude Include="src\ThirdParty\SDL2\SDL_test_images.h">
      <Filter>Header Files</Filter>
    </ClInclude>
    <ClInclude Include="src\ThirdParty\SDL2\SDL_test_log.h">
      <Filter>Header Files</Filter>
    </ClInclude>
    <ClInclude Include="src\ThirdParty\SDL2\SDL_test_md5.h">
      <Filter>Header Files</Filter>
    </ClInclude>
    <ClInclude Include="src\ThirdParty\SDL2\SDL_test_memory.h">
      <Filter>Header Files</Filter>
    </ClInclude>
    <ClInclude Include="src\ThirdParty\SDL2\SDL_test_random.h">
      <Filter>Header Files</Filter>
    </ClInclude>
    <ClInclude Include="src\ThirdParty\SDL2\SDL_thread.h">
      <Filter>Header Files</Filter>
    </ClInclude>
    <ClInclude Include="src\ThirdParty\SDL2\SDL_timer.h">
      <Filter>Header Files</Filter>
    </ClInclude>
    <ClInclude Include="src\ThirdParty\SDL2\SDL_touch.h">
      <Filter>Header Files</Filter>
    </ClInclude>
    <ClInclude Include="src\ThirdParty\SDL2\SDL_types.h">
      <Filter>Header Files</Filter>
    </ClInclude>
    <ClInclude Include="src\ThirdParty\SDL2\SDL_version.h">
      <Filter>Header Files</Filter>
    </ClInclude>
    <ClInclude Include="src\ThirdParty\SDL2\SDL_video.h">
      <Filter>Header Files</Filter>
    </ClInclude>
    <ClInclude Include="src\ThirdParty\SDL2\SDL_vulkan.h">
      <Filter>Header Files</Filter>
    </ClInclude>
    <ClInclude Include="src\ThirdParty\SDL2_image\SDL_image.h">
      <Filter>Header Files</Filter>
    </ClInclude>
    <ClInclude Include="src\FirstParty\Engine.h">
      <Filter>Header Files</Filter>
    </ClInclude>
    <ClInclude Include="src\FirstParty\AudioDB.h">
      <Filter>Header Files</Filter>
    </ClInclude>
    <ClInclude Include="src\FirstParty\EngineUtils.h">
      <Filter>Header Files</Filter>
    </ClInclude>
    <ClInclude Include="src\FirstParty\ImageDB.h">
      <Filter>Header Files</Filter>
    </ClInclude>
    <ClInclude Include="src\FirstParty\TextDB.h">
      <Filter>Header Files</Filter>
    </ClInclude>
    <ClInclude Include="src\FirstParty\Renderer.h">
      <Filter>Header Files</Filter>
    </ClInclude>
    <ClInclude Include="src\FirstParty\RenderRequests.h">
      <Filter>Header Files</Filter>
    </ClInclude>
    <ClInclude Include="src\FirstParty\ActorManager.h">
      <Filter>Header Files</Filter>
    </ClInclude>
    <ClInclude Include="src\FirstParty\InputManager.h">
      <Filter>Header Files</Filter>
    </ClInclude>
    <ClInclude Include="src\FirstParty\KeycodeDB.h">
      <Filter>Header Files</Filter>
    </ClInclude>
    <ClInclude Include="src\FirstParty\SceneManager.h">
      <Filter>Header Files</Filter>
    </ClInclude>
    <ClInclude Include="src\FirstParty\TemplateDB.h">
      <Filter>Header Files</Filter>
    </ClInclude>
    <ClInclude Include="src\ThirdParty\rapidjson-1.1.0\include\rapidjson\allocators.h">
      <Filter>Header Files</Filter>
    </ClInclude>
    <ClInclude Include="src\ThirdParty\rapidjson-1.1.0\include\rapidjson\document.h">
      <Filter>Header Files</Filter>
    </ClInclude>
    <ClInclude Include="src\ThirdParty\rapidjson-1.1.0\include\rapidjson\encodedstream.h">
      <Filter>Header Files</Filter>
    </ClInclude>
    <ClInclude Include="src\ThirdParty\rapidjson-1.1.0\include\rapidjson\encodings.h">
      <Filter>Header Files</Filter>
    </ClInclude>
    <ClInclude Include="src\ThirdParty\rapidjson-1.1.0\include\rapidjson\filereadstream.h">
      <Filter>Header Files</Filter>
    </ClInclude>
    <ClInclude Include="src\ThirdParty\rapidjson-1.1.0\include\rapidjson\filewritestream.h">
      <Filter>Header Files</Filter>
    </ClInclude>
    <ClInclude Include="src\ThirdParty\rapidjson-1.1.0\include\rapidjson\fwd.h">
      <Filter>Header Files</Filter>
    </ClInclude>
    <ClInclude Include="src\ThirdParty\rapidjson-1.1.0\include\rapidjson\istreamwrapper.h">
      <Filter>Header Files</Filter>
    </ClInclude>
    <ClInclude Include="src\ThirdParty\rapidjson-1.1.0\include\rapidjson\memorybuffer.h">
      <Filter>Header Files</Filter>
    </ClInclude>
    <ClInclude Include="src\ThirdParty\rapidjson-1.1.0\include\rapidjson\memorystream.h">
      <Filter>Header Files</Filter>
    </ClInclude>
    <ClInclude Include="src\ThirdParty\rapidjson-1.1.0\include\rapidjson\ostreamwrapper.h">
      <Filter>Header Files</Filter>
    </ClInclude>
    <ClInclude Include="src\ThirdParty\rapidjson-1.1.0\include\rapidjson\pointer.h">
      <Filter>Header Files</Filter>
    </ClInclude>
    <ClInclude Include="src\ThirdParty\rapidjson-1.1.0\include\rapidjson\prettywriter.h">
      <Filter>Header Files</Filter>
    </ClInclude>
    <ClInclude Include="src\ThirdParty\rapidjson-1.1.0\include\rapidjson\rapidjson.h">
      <Filter>Header Files</Filter>
    </ClInclude>
    <ClInclude Include="src\ThirdParty\rapidjson-1.1.0\include\rapidjson\reader.h">
      <Filter>Header Files</Filter>
    </ClInclude>
    <ClInclude Include="src\ThirdParty\rapidjson-1.1.0\include\rapidjson\schema.h">
      <Filter>Header Files</Filter>
    </ClInclude>
    <ClInclude Include="src\ThirdParty\rapidjson-1.1.0\include\rapidjson\stream.h">
      <Filter>Header Files</Filter>
    </ClInclude>
    <ClInclude Include="src\ThirdParty\rapidjson-1.1.0\include\rapidjson\stringbuffer.h">
      <Filter>Header Files</Filter>
    </ClInclude>
    <ClInclude Include="src\ThirdParty\rapidjson-1.1.0\include\rapidjson\writer.h">
      <Filter>Header Files</Filter>
    </ClInclude>
    <ClInclude Include="src\ThirdParty\SDL2_mixer\SDL_mixer.h">
      <Filter>Header Files</Filter>
    </ClInclude>
    <ClInclude Include="src\ThirdParty\SDL2_ttf\SDL_ttf.h">
      <Filter>Header Files</Filter>
    </ClInclude>
    <ClInclude Include="src\FirstParty\ComponentManager.h">
      <Filter>Header Files</Filter>
    </ClInclude>
    <ClInclude Include="src\FirstParty\ComponentDB.h">
      <Filter>Header Files</Filter>
    </ClInclude>
    <ClInclude Include="src\FirstParty\AudioManager.h">
      <Filter>Header Files</Filter>
    </ClInclude>
    <ClInclude Include="src\FirstParty\Rigidbody.h">
      <Filter>Header Files</Filter>
    </ClInclude>
    <ClInclude Include="src\FirstParty\PhysicsWorld.h">
      <Filter>Header Files</Filter>
    </ClInclude>
    <ClInclude Include="src\ThirdParty\box2d-2.4.1\src\dynamics\b2_chain_circle_contact.h">
      <Filter>Header Files</Filter>
    </ClInclude>
    <ClInclude Include="src\ThirdParty\box2d-2.4.1\src\dynamics\b2_chain_polygon_contact.h">
      <Filter>Header Files</Filter>
    </ClInclude>
    <ClInclude Include="src\ThirdParty\box2d-2.4.1\src\dynamics\b2_circle_contact.h">
      <Filter>Header Files</Filter>
    </ClInclude>
    <ClInclude Include="src\ThirdParty\box2d-2.4.1\src\dynamics\b2_contact_solver.h">
      <Filter>Header Files</Filter>
    </ClInclude>
    <ClInclude Include="src\ThirdParty\box2d-2.4.1\src\dynamics\b2_edge_circle_contact.h">
      <Filter>Header Files</Filter>
    </ClInclude>
    <ClInclude Include="src\ThirdParty\box2d-2.4.1\src\dynamics\b2_edge_polygon_contact.h">
      <Filter>Header Files</Filter>
    </ClInclude>
    <ClInclude Include="src\ThirdParty\box2d-2.4.1\src\dynamics\b2_island.h">
      <Filter>Header Files</Filter>
    </ClInclude>
    <ClInclude Include="src\ThirdParty\box2d-2.4.1\src\dynamics\b2_polygon_circle_contact.h">
      <Filter>Header Files</Filter>
    </ClInclude>
    <ClInclude Include="src\ThirdParty\box2d-2.4.1\src\dynamics\b2_polygon_contact.h">
      <Filter>Header Files</Filter>
    </ClInclude>
    <ClInclude Include="src\ThirdParty\box2d-2.4.1\box2d\box2d.h">
      <Filter>Header Files</Filter>
    </ClInclude>
  </ItemGroup>
  <ItemGroup>
    <None Include="resources\game.config" />
    <None Include="resources\rendering.config" />
    <None Include="resources\scenes\basic.scene" />
  </ItemGroup>
</Project>