<?xml version="1.0" encoding="utf-8"?>
<Project ToolsVersion="4.0" xmlns="http://schemas.microsoft.com/developer/msbuild/2003">
  <ItemGroup>
    <Filter Include="Source Files">
      <UniqueIdentifier>{4FC737F1-C7A5-4376-A066-2A32D752A2FF}</UniqueIdentifier>
      <Extensions>cpp;c;cc;cxx;c++;cppm;ixx;def;odl;idl;hpj;bat;asm;asmx</Extensions>
    </Filter>
    <Filter Include="Header Files">
      <UniqueIdentifier>{93995380-89BD-4b04-88EB-625FBE52EBFB}</UniqueIdentifier>
      <Extensions>h;hh;hpp;hxx;h++;hm;inl;inc;ipp;xsd</Extensions>
    </Filter>
    <Filter Include="Resource Files">
      <UniqueIdentifier>{67DA6AB6-F800-4c08-8B7A-83BB121AAD01}</UniqueIdentifier>
      <Extensions>rc;ico;cur;bmp;dlg;rc2;rct;bin;rgs;gif;jpg;jpeg;jpe;resx;tiff;tif;png;wav;mfcribbon-ms</Extensions>
    </Filter>
  </ItemGroup>
  <ItemGroup>
    <ClCompile Include="src\FirstParty\src\main.cpp">
      <Filter>Source Files</Filter>
    </ClCompile>
    <ClCompile Include="src\FirstParty\src\Renderer.cpp">
      <Filter>Source Files</Filter>
    </ClCompile>
    <ClCompile Include="src\FirstParty\src\Engine.cpp">
      <Filter>Source Files</Filter>
    </ClCompile>
    <ClCompile Include="src\FirstParty\src\Databases.cpp">
      <Filter>Source Files</Filter>
    </ClCompile>
    <ClCompile Include="src\FirstParty\src\ActorManager.cpp">
      <Filter>Source Files</Filter>
    </ClCompile>
    <ClCompile Include="src\FirstParty\src\InputManager.cpp">
      <Filter>Source Files</Filter>
    </ClCompile>
    <ClCompile Include="src\FirstParty\src\SceneManager.cpp">
      <Filter>Source Files</Filter>
    </ClCompile>
    <ClCompile Include="src\FirstParty\src\AudioManager.cpp">
      <Filter>Source Files</Filter>
    </ClCompile>
    <ClCompile Include="src\FirstParty\src\ComponentManager.cpp">
      <Filter>Source Files</Filter>
    </ClCompile>
    <ClCompile Include="src\ThirdParty\lua-5.4.6\lapi.c">
      <Filter>Source Files</Filter>
    </ClCompile>
    <ClCompile Include="src\ThirdParty\lua-5.4.6\lauxlib.c">
      <Filter>Source Files</Filter>
    </ClCompile>
    <ClCompile Include="src\ThirdParty\lua-5.4.6\lbaselib.c">
      <Filter>Source Files</Filter>
    </ClCompile>
    <ClCompile Include="src\ThirdParty\lua-5.4.6\lcode.c">
      <Filter>Source Files</Filter>
    </ClCompile>
    <ClCompile Include="src\ThirdParty\lua-5.4.6\lcorolib.c">
      <Filter>Source Files</Filter>
    </ClCompile>
    <ClCompile Include="src\ThirdParty\lua-5.4.6\lctype.c">
      <Filter>Source Files</Filter>
    </ClCompile>
    <ClCompile Include="src\ThirdParty\lua-5.4.6\ldblib.c">
      <Filter>Source Files</Filter>
    </ClCompile>
    <ClCompile Include="src\ThirdParty\lua-5.4.6\ldebug.c">
      <Filter>Source Files</Filter>
    </ClCompile>
    <ClCompile Include="src\ThirdParty\lua-5.4.6\ldo.c">
      <Filter>Source Files</Filter>
    </ClCompile>
    <ClCompile Include="src\ThirdParty\lua-5.4.6\ldump.c">
      <Filter>Source Files</Filter>
    </ClCompile>
    <ClCompile Include="src\ThirdParty\lua-5.4.6\lfunc.c">
      <Filter>Source Files</Filter>
    </ClCompile>
    <ClCompile Include="src\ThirdParty\lua-5.4.6\lgc.c">
      <Filter>Source Files</Filter>
    </ClCompile>
    <ClCompile Include="src\ThirdParty\lua-5.4.6\linit.c">
      <Filter>Source Files</Filter>
    </ClCompile>
    <ClCompile Include="src\ThirdParty\lua-5.4.6\liolib.c">
      <Filter>Source Files</Filter>
    </ClCompile>
    <ClCompile Include="src\ThirdParty\lua-5.4.6\llex.c">
      <Filter>Source Files</Filter>
    </ClCompile>
    <ClCompile Include="src\ThirdParty\lua-5.4.6\lmathlib.c">
      <Filter>Source Files</Filter>
    </ClCompile>
    <ClCompile Include="src\ThirdParty\lua-5.4.6\lmem.c">
      <Filter>Source Files</Filter>
    </ClCompile>
    <ClCompile Include="src\ThirdParty\lua-5.4.6\loadlib.c">
      <Filter>Source Files</Filter>
    </ClCompile>
    <ClCompile Include="src\ThirdParty\lua-5.4.6\lobject.c">
      <Filter>Source Files</Filter>
    </ClCompile>
    <ClCompile Include="src\ThirdParty\lua-5.4.6\lopcodes.c">
      <Filter>Source Files</Filter>
    </ClCompile>
    <ClCompile Include="src\ThirdParty\lua-5.4.6\loslib.c">
      <Filter>Source Files</Filter>
    </ClCompile>
    <ClCompile Include="src\ThirdParty\lua-5.4.6\lparser.c">
      <Filter>Source Files</Filter>
    </ClCompile>
    <ClCompile Include="src\ThirdParty\lua-5.4.6\lstate.c">
      <Filter>Source Files</Filter>
    </ClCompile>
    <ClCompile Include="src\ThirdParty\lua-5.4.6\lstring.c">
      <Filter>Source Files</Filter>
    </ClCompile>
    <ClCompile Include="src\ThirdParty\lua-5.4.6\lstrlib.c">
      <Filter>Source Files</Filter>
    </ClCompile>
    <ClCompile Include="src\ThirdParty\lua-5.4.6\ltable.c">
      <Filter>Source Files</Filter>
    </ClCompile>
    <ClCompile Include="src\ThirdParty\lua-5.4.6\ltablib.c">
      <Filter>Source Files</Filter>
    </ClCompile>
    <ClCompile Include="src\ThirdParty\lua-5.4.6\ltm.c">
      <Filter>Source Files</Filter>
    </ClCompile>
    <ClCompile Include="src\ThirdParty\lua-5.4.6\lundump.c">
      <Filter>Source Files</Filter>
    </ClCompile>
    <ClCompile Include="src\ThirdParty\lua-5.4.6\lutf8lib.c">
      <Filter>Source Files</Filter>
    </ClCompile>
    <ClCompile Include="src\ThirdParty\lua-5.4.6\lvm.c">
      <Filter>Source Files</Filter>
    </ClCompile>
    <ClCompile Include="src\ThirdParty\lua-5.4.6\lzio.c">
      <Filter>Source Files</Filter>
    </ClCompile>
    <ClCompile Include="src\FirstParty\src\Rigidbody.cpp">
      <Filter>Source Files</Filter>
    </ClCompile>
    <ClCompile Include="src\ThirdParty\box2d-2.4.1\src\collision\b2_broad_phase.cpp">
      <Filter>Source Files</Filter>
    </ClCompile>
    <ClCompile Include="src\ThirdParty\box2d-2.4.1\src\collision\b2_chain_shape.cpp">
      <Filter>Source Files</Filter>
    </ClCompile>
    <ClCompile Include="src\ThirdParty\box2d-2.4.1\src\collision\b2_circle_shape.cpp">
      <Filter>Source Files</Filter>
    </ClCompile>
    <ClCompile Include="src\ThirdParty\box2d-2.4.1\src\collision\b2_collide_circle.cpp">
      <Filter>Source Files</Filter>
    </ClCompile>
    <ClCompile Include="src\ThirdParty\box2d-2.4.1\src\collision\b2_collide_edge.cpp">
      <Filter>Source Files</Filter>
    </ClCompile>
    <ClCompile Include="src\ThirdParty\box2d-2.4.1\src\collision\b2_collide_polygon.cpp">
      <Filter>Source Files</Filter>
    </ClCompile>
    <ClCompile Include="src\ThirdParty\box2d-2.4.1\src\collision\b2_collision.cpp">
      <Filter>Source Files</Filter>
    </ClCompile>
    <ClCompile Include="src\ThirdParty\box2d-2.4.1\src\collision\b2_distance.cpp">
      <Filter>Source Files</Filter>
    </ClCompile>
    <ClCompile Include="src\ThirdParty\box2d-2.4.1\src\collision\b2_dynamic_tree.cpp">
      <Filter>Source Files</Filter>
    </ClCompile>
    <ClCompile Include="src\ThirdParty\box2d-2.4.1\src\collision\b2_edge_shape.cpp">
      <Filter>Source Files</Filter>
    </ClCompile>
    <ClCompile Include="src\ThirdParty\box2d-2.4.1\src\collision\b2_polygon_shape.cpp">
      <Filter>Source Files</Filter>
    </ClCompile>
    <ClCompile Include="src\ThirdParty\box2d-2.4.1\src\collision\b2_time_of_impact.cpp">
      <Filter>Source Files</Filter>
    </ClCompile>
    <ClCompile Include="src\ThirdParty\box2d-2.4.1\src\common\b2_block_allocator.cpp">
      <Filter>Source Files</Filter>
    </ClCompile>
    <ClCompile Include="src\ThirdParty\box2d-2.4.1\src\common\b2_draw.cpp">
      <Filter>Source Files</Filter>
    </ClCompile>
    <ClCompile Include="src\ThirdParty\box2d-2.4.1\src\common\b2_math.cpp">
      <Filter>Source Files</Filter>
    </ClCompile>
    <ClCompile Include="src\ThirdParty\box2d-2.4.1\src\common\b2_settings.cpp">
      <Filter>Source Files</Filter>
    </ClCompile>
    <ClCompile Include="src\ThirdParty\box2d-2.4.1\src\common\b2_stack_allocator.cpp">
      <Filter>Source Files</Filter>
    </ClCompile>
    <ClCompile Include="src\ThirdParty\box2d-2.4.1\src\common\b2_timer.cpp">
      <Filter>Source Files</Filter>
    </ClCompile>
    <ClCompile Include="src\ThirdParty\box2d-2.4.1\src\dynamics\b2_body.cpp">
      <Filter>Source Files</Filter>
    </ClCompile>
    <ClCompile Include="src\ThirdParty\box2d-2.4.1\src\dynamics\b2_chain_circle_contact.cpp">
      <Filter>Source Files</Filter>
    </ClCompile>
    <ClCompile Include="src\ThirdParty\box2d-2.4.1\src\dynamics\b2_chain_polygon_contact.cpp">
      <Filter>Source Files</Filter>
    </ClCompile>
    <ClCompile Include="src\ThirdParty\box2d-2.4.1\src\dynamics\b2_circle_contact.cpp">
      <Filter>Source Files</Filter>
    </ClCompile>
    <ClCompile Include="src\ThirdParty\box2d-2.4.1\src\dynamics\b2_contact.cpp">
      <Filter>Source Files</Filter>
    </ClCompile>
    <ClCompile Include="src\ThirdParty\box2d-2.4.1\src\dynamics\b2_contact_manager.cpp">
      <Filter>Source Files</Filter>
    </ClCompile>
    <ClCompile Include="src\ThirdParty\box2d-2.4.1\src\dynamics\b2_contact_solver.cpp">
      <Filter>Source Files</Filter>
    </ClCompile>
    <ClCompile Include="src\ThirdParty\box2d-2.4.1\src\dynamics\b2_distance_joint.cpp">
      <Filter>Source Files</Filter>
    </ClCompile>
    <ClCompile Include="src\ThirdParty\box2d-2.4.1\src\dynamics\b2_edge_circle_contact.cpp">
      <Filter>Source Files</Filter>
    </ClCompile>
    <ClCompile Include="src\ThirdParty\box2d-2.4.1\src\dynamics\b2_edge_polygon_contact.cpp">
      <Filter>Source Files</Filter>
    </ClCompile>
    <ClCompile Include="src\ThirdParty\box2d-2.4.1\src\dynamics\b2_fixture.cpp">
      <Filter>Source Files</Filter>
    </ClCompile>
    <ClCompile Include="src\ThirdParty\box2d-2.4.1\src\dynamics\b2_friction_joint.cpp">
      <Filter>Source Files</Filter>
    </ClCompile>
    <ClCompile Include="src\ThirdParty\box2d-2.4.1\src\dynamics\b2_gear_joint.cpp">
      <Filter>Source Files</Filter>
    </ClCompile>
    <ClCompile Include="src\ThirdParty\box2d-2.4.1\src\dynamics\b2_island.cpp">
      <Filter>Source Files</Filter>
    </ClCompile>
    <ClCompile Include="src\ThirdParty\box2d-2.4.1\src\dynamics\b2_joint.cpp">
      <Filter>Source Files</Filter>
    </ClCompile>
    <ClCompile Include="src\ThirdParty\box2d-2.4.1\src\dynamics\b2_motor_joint.cpp">
      <Filter>Source Files</Filter>
    </ClCompile>
    <ClCompile Include="src\ThirdParty\box2d-2.4.1\src\dynamics\b2_mouse_joint.cpp">
      <Filter>Source Files</Filter>
    </ClCompile>
    <ClCompile Include="src\ThirdParty\box2d-2.4.1\src\dynamics\b2_polygon_circle_contact.cpp">
      <Filter>Source Files</Filter>
    </ClCompile>
    <ClCompile Include="src\ThirdParty\box2d-2.4.1\src\dynamics\b2_polygon_contact.cpp">
      <Filter>Source Files</Filter>
    </ClCompile>
    <ClCompile Include="src\ThirdParty\box2d-2.4.1\src\dynamics\b2_prismatic_joint.cpp">
      <Filter>Source Files</Filter>
    </ClCompile>
    <ClCompile Include="src\ThirdParty\box2d-2.4.1\src\dynamics\b2_pulley_joint.cpp">
      <Filter>Source Files</Filter>
    </ClCompile>
    <ClCompile Include="src\ThirdParty\box2d-2.4.1\src\dynamics\b2_revolute_joint.cpp">
      <Filter>Source Files</Filter>
    </ClCompile>
    <ClCompile Include="src\ThirdParty\box2d-2.4.1\src\dynamics\b2_weld_joint.cpp">
      <Filter>Source Files</Filter>
    </ClCompile>
    <ClCompile Include="src\ThirdParty\box2d-2.4.1\src\dynamics\b2_wheel_joint.cpp">
      <Filter>Source Files</Filter>
    </ClCompile>
    <ClCompile Include="src\ThirdParty\box2d-2.4.1\src\dynamics\b2_world.cpp">
      <Filter>Source Files</Filter>
    </ClCompile>
    <ClCompile Include="src\ThirdParty\box2d-2.4.1\src\dynamics\b2_world_callbacks.cpp">
      <Filter>Source Files</Filter>
    </ClCompile>
    <ClCompile Include="src\ThirdParty\box2d-2.4.1\src\rope\b2_rope.cpp">
      <Filter>Source Files</Filter>
    </ClCompile>
    <ClCompile Include="src\FirstParty\src\LuaAPI.cpp">
      <Filter>Source Files</Filter>
    </ClCompile>
  </ItemGroup>
  <ItemGroup>
    <Library Include="src\ThirdParty\SDL2\lib\SDL2.lib" />
    <Library Include="src\ThirdParty\SDL2\lib\SDL2main.lib" />
    <Library Include="src\ThirdParty\SDL2_image\lib\SDL2_image.lib" />
  </ItemGroup>
  <ItemGroup>
    <ClInclude Include="src\ThirdParty\SDL2\begin_code.h">
      <Filter>Header Files</Filter>
    </ClInclude>
    <ClInclude Include="src\ThirdParty\SDL2\close_code.h">
      <Filter>Header Files</Filter>
    </ClInclude>
    <ClInclude Include="src\ThirdParty\SDL2\SDL.h">
      <Filter>Header Files</Filter>
    </ClInclude>
    <ClInclude Include="src\ThirdParty\SDL2\SDL_assert.h">
      <Filter>Header Files</Filter>
    </ClInclude>
    <ClInclude Include="src\ThirdParty\SDL2\SDL_atomic.h">
      <Filter>Header Files</Filter>
    </ClInclude>
    <ClInclude Include="src\ThirdParty\SDL2\SDL_audio.h">
      <Filter>Header Files</Filter>
    </ClInclude>
    <ClInclude Include="src\ThirdParty\SDL2\SDL_bits.h">
      <Filter>Header Files</Filter>
    </ClInclude>
    <ClInclude Include="src\ThirdParty\SDL2\SDL_blendmode.h">
      <Filter>Header Files</Filter>
    </ClInclude>
    <ClInclude Include="src\ThirdParty\SDL2\SDL_clipboard.h">
      <Filter>Header Files</Filter>
    </ClInclude>
    <ClInclude Include="src\ThirdParty\SDL2\SDL_config.h">
      <Filter>Header Files</Filter>
    </ClInclude>
    <ClInclude Include="src\ThirdParty\SDL2\SDL_cpuinfo.h">
      <Filter>Header Files</Filter>
    </ClInclude>
    <ClInclude Include="src\ThirdParty\SDL2\SDL_egl.h">
      <Filter>Header Files</Filter>
    </ClInclude>
    <ClInclude Include="src\ThirdParty\SDL2\SDL_endian.h">
      <Filter>Header Files</Filter>
    </ClInclude>
    <ClInclude Include="src\ThirdParty\SDL2\SDL_error.h">
      <Filter>Header Files</Filter>
    </ClInclude>
    <ClInclude Include="src\ThirdParty\SDL2\SDL_events.h">
      <Filter>Header Files</Filter>
    </ClInclude>
    <ClInclude Include="src\ThirdParty\SDL2\SDL_filesystem.h">
      <Filter>Header Files</Filter>
    </ClInclude>
    <ClInclude Include="src\ThirdParty\SDL2\SDL_gamecontroller.h">
      <Filter>Header Files</Filter>
    </ClInclude>
    <ClInclude Include="src\ThirdParty\SDL2\SDL_gesture.h">
      <Filter>Header Files</Filter>
    </ClInclude>
    <ClInclude Include="src\ThirdParty\SDL2\SDL_guid.h">
      <Filter>Header Files</Filter>
    </ClInclude>
    <ClInclude Include="src\ThirdParty\SDL2\SDL_haptic.h">
      <Filter>Header Files</Filter>
    </ClInclude>
    <ClInclude Include="src\ThirdParty\SDL2\SDL_hidapi.h">
      <Filter>Header Files</Filter>
    </ClInclude>
    <ClInclude Include="src\ThirdParty\SDL2\SDL_hints.h">
      <Filter>Header Files</Filter>
    </ClInclude>
    <ClInclude Include="src\ThirdParty\SDL2\SDL_joystick.h">
      <Filter>Header Files</Filter>
    </ClInclude>
    <ClInclude Include="src\ThirdParty\SDL2\SDL_keyboard.h">
      <Filter>Header Files</Filter>
    </ClInclude>
    <ClInclude Include="src\ThirdParty\SDL2\SDL_keycode.h">
      <Filter>Header Files</Filter>
    </ClInclude>
    <ClInclude Include="src\ThirdParty\SDL2\SDL_loadso.h">
      <Filter>Header Files</Filter>
    </ClInclude>
    <ClInclude Include="src\ThirdParty\SDL2\SDL_locale.h">
      <Filter>Header Files</Filter>
    </ClInclude>
    <ClInclude Include="src\ThirdParty\SDL2\SDL_log.h">
      <Filter>Header Files</Filter>
    </ClInclude>
    <ClInclude Include="src\ThirdParty\SDL2\SDL_main.h">
      <Filter>Header Files</Filter>
    </ClInclude>
    <ClInclude Include="src\ThirdParty\SDL2\SDL_messagebox.h">
      <Filter>Header Files</Filter>
    </ClInclude>
    <ClInclude Include="src\ThirdParty\SDL2\SDL_metal.h">
      <Filter>Header Files</Filter>
    </ClInclude>
    <ClInclude Include="src\ThirdParty\SDL2\SDL_misc.h">
      <Filter>Header Files</Filter>
    </ClInclude>
    <ClInclude Include="src\ThirdParty\SDL2\SDL_mouse.h">
      <Filter>Header Files</Filter>
    </ClInclude>
    <ClInclude Include="src\ThirdParty\SDL2\SDL_mutex.h">
      <Filter>Header Files</Filter>
    </ClInclude>
    <ClInclude Include="src\ThirdParty\SDL2\SDL_name.h">
      <Filter>Header Files</Filter>
    </ClInclude>
    <ClInclude Include="src\ThirdParty\SDL2\SDL_opengl.h">
      <Filter>Header Files</Filter>
    </ClInclude>
    <ClInclude Include="src\ThirdParty\SDL2\SDL_opengl_glext.h">
      <Filter>Header Files</Filter>
    </ClInclude>
    <ClInclude Include="src\ThirdParty\SDL2\SDL_opengles.h">
      <Filter>Header Files</Filter>
    </ClInclude>
    <ClInclude Include="src\ThirdParty\SDL2\SDL_opengles2.h">
      <Filter>Header Files</Filter>
    </ClInclude>
    <ClInclude Include="src\ThirdParty\SDL2\SDL_opengles2_gl2.h">
      <Filter>Header Files</Filter>
    </ClInclude>
    <ClInclude Include="src\ThirdParty\SDL2\SDL_opengles2_gl2ext.h">
      <Filter>Header Files</Filter>
    </ClInclude>
    <ClInclude Include="src\ThirdParty\SDL2\SDL_opengles2_gl2platform.h">
      <Filter>Header Files</Filter>
    </ClInclude>
    <ClInclude Include="src\ThirdParty\SDL2\SDL_opengles2_khrplatform.h">
      <Filter>Header Files</Filter>
    </ClInclude>
    <ClInclude Include="src\ThirdParty\SDL2\SDL_pixels.h">
      <Filter>Header Files</Filter>
    </ClInclude>
    <ClInclude Include="src\ThirdParty\SDL2\SDL_platform.h">
      <Filter>Header Files</Filter>
    </ClInclude>
    <ClInclude Include="src\ThirdParty\SDL2\SDL_power.h">
      <Filter>Header Files</Filter>
    </ClInclude>
    <ClInclude Include="src\ThirdParty\SDL2\SDL_quit.h">
      <Filter>Header Files</Filter>
    </ClInclude>
    <ClInclude Include="src\ThirdParty\SDL2\SDL_rect.h">
      <Filter>Header Files</Filter>
    </ClInclude>
    <ClInclude Include="src\ThirdParty\SDL2\SDL_render.h">
      <Filter>Header Files</Filter>
    </ClInclude>
    <ClInclude Include="src\ThirdParty\SDL2\SDL_revision.h">
      <Filter>Header Files</Filter>
    </ClInclude>
    <ClInclude Include="src\ThirdParty\SDL2\SDL_rwops.h">
      <Filter>Header Files</Filter>
    </ClInclude>
    <ClInclude Include="src\ThirdParty\SDL2\SDL_scancode.h">
      <Filter>Header Files</Filter>
    </ClInclude>
    <ClInclude Include="src\ThirdParty\SDL2\SDL_sensor.h">
      <Filter>Header Files</Filter>
    </ClInclude>
    <ClInclude Include="src\ThirdParty\SDL2\SDL_shape.h">
      <Filter>Header Files</Filter>
    </ClInclude>
    <ClInclude Include="src\ThirdParty\SDL2\SDL_stdinc.h">
      <Filter>Header Files</Filter>
    </ClInclude>
    <ClInclude Include="src\ThirdParty\SDL2\SDL_surface.h">
      <Filter>Header Files</Filter>
    </ClInclude>
    <ClInclude Include="src\ThirdParty\SDL2\SDL_system.h">
      <Filter>Header Files</Filter>
    </ClInclude>
    <ClInclude Include="src\ThirdParty\SDL2\SDL_syswm.h">
      <Filter>Header Files</Filter>
    </ClInclude>
    <ClInclude Include="src\ThirdParty\SDL2\SDL_test.h">
      <Filter>Header Files</Filter>
    </ClInclude>
    <ClInclude Include="src\ThirdParty\SDL2\SDL_test_assert.h">
      <Filter>Header Files</Filter>
    </ClInclude>
    <ClInclude Include="src\ThirdParty\SDL2\SDL_test_common.h">
      <Filter>Header Files</Filter>
    </ClInclude>
    <ClInclude Include="src\ThirdParty\SDL2\SDL_test_compare.h">
      <Filter>Header Files</Filter>
    </ClInclude>
    <ClInclude Include="src\ThirdParty\SDL2\SDL_test_crc32.h">
      <Filter>Header Files</Filter>
    </ClInclude>
    <ClInclude Include="src\ThirdParty\SDL2\SDL_test_font.h">
      <Filter>Header Files</Filter>
    </ClInclude>
    <ClInclude Include="src\ThirdParty\SDL2\SDL_test_fuzzer.h">
      <Filter>Header Files</Filter>
    </ClInclude>
    <ClInclude Include="src\ThirdParty\SDL2\SDL_test_harness.h">
      <Filter>Header Files</Filter>
    </ClInclude>
    <ClInclude Include="src\ThirdParty\SDL2\SDL_test_images.h">
      <Filter>Header Files</Filter>
    </ClInclude>
    <ClInclude Include="src\ThirdParty\SDL2\SDL_test_log.h">
      <Filter>Header Files</Filter>
    </ClInclude>
    <ClInclude Include="src\ThirdParty\SDL2\SDL_test_md5.h">
      <Filter>Header Files</Filter>
    </ClInclude>
    <ClInclude Include="src\ThirdParty\SDL2\SDL_test_memory.h">
      <Filter>Header Files</Filter>
    </ClInclude>
    <ClInclude Include="src\ThirdParty\SDL2\SDL_test_random.h">
      <Filter>Header Files</Filter>
    </ClInclude>
    <ClInclude Include="src\ThirdParty\SDL2\SDL_thread.h">
      <Filter>Header Files</Filter>
    </ClInclude>
    <ClInclude Include="src\ThirdParty\SDL2\SDL_timer.h">
      <Filter>Header Files</Filter>
    </ClInclude>
    <ClInclude Include="src\ThirdParty\SDL2\SDL_touch.h">
      <Filter>Header Files</Filter>
    </ClInclude>
    <ClInclude Include="src\ThirdParty\SDL2\SDL_types.h">
      <Filter>Header Files</Filter>
    </ClInclude>
    <ClInclude Include="src\ThirdParty\SDL2\SDL_version.h">
      <Filter>Header Files</Filter>
    </ClInclude>
    <ClInclude Include="src\ThirdParty\SDL2\SDL_video.h">
      <Filter>Header Files</Filter>
    </ClInclude>
    <ClInclude Include="src\ThirdParty\SDL2\SDL_vulkan.h">
      <Filter>Header Files</Filter>
    </ClInclude>
    <ClInclude Include="src\ThirdParty\SDL2_image\SDL_image.h">
      <Filter>Header Files</Filter>
    </ClInclude>
    <ClInclude Include="src\FirstParty\Engine.h">
      <Filter>Header Files</Filter>
    </ClInclude>
    <ClInclude Include="src\FirstParty\AudioDB.h">
      <Filter>Header Files</Filter>
    </ClInclude>
    <ClInclude Include="src\FirstParty\EngineUtils.h">
      <Filter>Header Files</Filter>
    </ClInclude>
    <ClInclude Include="src\FirstParty\ImageDB.h">
      <Filter>Header Files</Filter>
    </ClInclude>
    <ClInclude Include="src\FirstParty\TextDB.h">
      <Filter>Header Files</Filter>
    </ClInclude>
    <ClInclude Include="src\FirstParty\Renderer.h">
      <Filter>Header Files</Filter>
    </ClInclude>
    <ClInclude Include="src\FirstParty\RenderRequests.h">
      <Filter>Header Files</Filter>
    </ClInclude>
    <ClInclude Include="src\FirstParty\ActorManager.h">
      <Filter>Header Files</Filter>
    </ClInclude>
    <ClInclude Include="src\FirstParty\InputManager.h">
      <Filter>Header Files</Filter>
    </ClInclude>
    <ClInclude Include="src\FirstParty\KeycodeDB.h">
      <Filter>Header Files</Filter>
    </ClInclude>
    <ClInclude Include="src\FirstParty\SceneManager.h">
      <Filter>Header Files</Filter>
    </ClInclude>
    <ClInclude Include="src\FirstParty\TemplateDB.h">
      <Filter>Header Files</Filter>
    </ClInclude>
    <ClInclude Include="src\ThirdParty\rapidjson-1.1.0\include\rapidjson\allocators.h">
      <Filter>Header Files</Filter>
    </ClInclude>
    <ClInclude Include="src\ThirdParty\rapidjson-1.1.0\include\rapidjson\document.h">
      <Filter>Header Files</Filter>
    </ClInclude>
    <ClInclude Include="src\ThirdParty\rapidjson-1.1.0\include\rapidjson\encodedstream.h">
      <Filter>Header Files</Filter>
    </ClInclude>
    <ClInclude Include="src\ThirdParty\rapidjson-1.1.0\include\rapidjson\encodings.h">
      <Filter>Header Files</Filter>
    </ClInclude>
    <ClInclude Include="src\ThirdParty\rapidjson-1.1.0\include\rapidjson\filereadstream.h">
      <Filter>Header Files</Filter>
    </ClInclude>
    <ClInclude Include="src\ThirdParty\rapidjson-1.1.0\include\rapidjson\filewritestream.h">
      <Filter>Header Files</Filter>
    </ClInclude>
    <ClInclude Include="src\ThirdParty\rapidjson-1.1.0\include\rapidjson\fwd.h">
      <Filter>Header Files</Filter>
    </ClInclude>
    <ClInclude Include="src\ThirdParty\rapidjson-1.1.0\include\rapidjson\istreamwrapper.h">
      <Filter>Header Files</Filter>
    </ClInclude>
    <ClInclude Include="src\ThirdParty\rapidjson-1.1.0\include\rapidjson\memorybuffer.h">
      <Filter>Header Files</Filter>
    </ClInclude>
    <ClInclude Include="src\ThirdParty\rapidjson-1.1.0\include\rapidjson\memorystream.h">
      <Filter>Header Files</Filter>
    </ClInclude>
    <ClInclude Include="src\ThirdParty\rapidjson-1.1.0\include\rapidjson\ostreamwrapper.h">
      <Filter>Header Files</Filter>
    </ClInclude>
    <ClInclude Include="src\ThirdParty\rapidjson-1.1.0\include\rapidjson\pointer.h">
      <Filter>Header Files</Filter>
    </ClInclude>
    <ClInclude Include="src\ThirdParty\rapidjson-1.1.0\include\rapidjson\prettywriter.h">
      <Filter>Header Files</Filter>
    </ClInclude>
    <ClInclude Include="src\ThirdParty\rapidjson-1.1.0\include\rapidjson\rapidjson.h">
      <Filter>Header Files</Filter>
    </ClInclude>
    <ClInclude Include="src\ThirdParty\rapidjson-1.1.0\include\rapidjson\reader.h">
      <Filter>Header Files</Filter>
    </ClInclude>
    <ClInclude Include="src\ThirdParty\rapidjson-1.1.0\include\rapidjson\schema.h">
      <Filter>Header Files</Filter>
    </ClInclude>
    <ClInclude Include="src\ThirdParty\rapidjson-1.1.0\include\rapidjson\stream.h">
      <Filter>Header Files</Filter>
    </ClInclude>
    <ClInclude Include="src\ThirdParty\rapidjson-1.1.0\include\rapidjson\stringbuffer.h">
      <Filter>Header Files</Filter>
    </ClInclude>
    <ClInclude Include="src\ThirdParty\rapidjson-1.1.0\include\rapidjson\writer.h">
      <Filter>Header Files</Filter>
    </ClInclude>
    <ClInclude Include="src\ThirdParty\SDL2_mixer\SDL_mixer.h">
      <Filter>Header Files</Filter>
    </ClInclude>
    <ClInclude Include="src\ThirdParty\SDL2_ttf\SDL_ttf.h">
      <Filter>Header Files</Filter>
    </ClInclude>
    <ClInclude Include="src\FirstParty\ComponentManager.h">
      <Filter>Header Files</Filter>
    </ClInclude>
    <ClInclude Include="src\FirstParty\ComponentDB.h">
      <Filter>Header Files</Filter>
    </ClInclude>
    <ClInclude Include="src\FirstParty\AudioManager.h">
      <Filter>Header Files</Filter>
    </ClInclude>
    <ClInclude Include="src\FirstParty\Rigidbody.h">
      <Filter>Header Files</Filter>
    </ClInclude>
    <ClInclude Include="src\FirstParty\PhysicsWorld.h">
      <Filter>Header Files</Filter>
    </ClInclude>
    <ClInclude Include="src\ThirdParty\box2d-2.4.1\src\dynamics\b2_chain_circle_contact.h">
      <Filter>Header Files</Filter>
    </ClInclude>
    <ClInclude Include="src\ThirdParty\box2d-2.4.1\src\dynamics\b2_chain_polygon_contact.h">
      <Filter>Header Files</Filter>
    </ClInclude>
    <ClInclude Include="src\ThirdParty\box2d-2.4.1\src\dynamics\b2_circle_contact.h">
      <Filter>Header Files</Filter>
    </ClInclude>
    <ClInclude Include="src\ThirdParty\box2d-2.4.1\src\dynamics\b2_contact_solver.h">
      <Filter>Header Files</Filter>
    </ClInclude>
    <ClInclude Include="src\ThirdParty\box2d-2.4.1\src\dynamics\b2_edge_circle_contact.h">
      <Filter>Header Files</Filter>
    </ClInclude>
    <ClInclude Include="src\ThirdParty\box2d-2.4.1\src\dynamics\b2_edge_polygon_contact.h">
      <Filter>Header Files</Filter>
    </ClInclude>
    <ClInclude Include="src\ThirdParty\box2d-2.4.1\src\dynamics\b2_island.h">
      <Filter>Header Files</Filter>
    </ClInclude>
    <ClInclude Include="src\ThirdParty\box2d-2.4.1\src\dynamics\b2_polygon_circle_contact.h">
      <Filter>Header Files</Filter>
    </ClInclude>
    <ClInclude Include="src\ThirdParty\box2d-2.4.1\src\dynamics\b2_polygon_contact.h">
      <Filter>Header Files</Filter>
    </ClInclude>
    <ClInclude Include="src\ThirdParty\box2d-2.4.1\box2d\box2d.h">
      <Filter>Header Files</Filter>
    </ClInclude>
    <ClInclude Include="src\FirstParty\LuaAPI.h">
      <Filter>Header Files</Filter>
    </ClInclude>
    <ClInclude Include="src\ThirdParty\box2d-2.4.1\box2d\b2_math.h">
      <Filter>Header Files</Filter>
    </ClInclude>
    <ClInclude Include="src\ThirdParty\sol2-3.3.0\sol\call.hpp">
      <Filter>Header Files</Filter>
    </ClInclude>
    <ClInclude Include="src\ThirdParty\sol2-3.3.0\sol\sol.hpp">
      <Filter>Header Files</Filter>
    </ClInclude>
    <ClInclude Include="src\ThirdParty\sol2-3.3.0\sol\stack.hpp">
      <Filter>Header Files</Filter>
    </ClInclude>
    <ClInclude Include="src\ThirdParty\sol2-3.3.0\sol\stack_check.hpp">
      <Filter>Header Files</Filter>
    </ClInclude>
    <ClInclude Include="src\ThirdParty\sol2-3.3.0\sol\stack_check_get.hpp">
      <Filter>Header Files</Filter>
    </ClInclude>
    <ClInclude Include="src\ThirdParty\sol2-3.3.0\sol\stack_check_get_qualified.hpp">
      <Filter>Header Files</Filter>
    </ClInclude>
    <ClInclude Include="src\ThirdParty\sol2-3.3.0\sol\stack_check_get_unqualified.hpp">
      <Filter>Header Files</Filter>
    </ClInclude>
    <ClInclude Include="src\ThirdParty\sol2-3.3.0\sol\stack_check_qualified.hpp">
      <Filter>Header Files</Filter>
    </ClInclude>
    <ClInclude Include="src\ThirdParty\sol2-3.3.0\sol\stack_check_unqualified.hpp">
      <Filter>Header Files</Filter>
    </ClInclude>
    <ClInclude Include="src\ThirdParty\sol2-3.3.0\sol\stack_core.hpp">
      <Filter>Header Files</Filter>
    </ClInclude>
    <ClInclude Include="src\ThirdParty\sol2-3.3.0\sol\stack_field.hpp">
      <Filter>Header Files</Filter>
    </ClInclude>
    <ClInclude Include="src\ThirdParty\sol2-3.3.0\sol\stack_get.hpp">
      <Filter>Header Files</Filter>
    </ClInclude>
    <ClInclude Include="src\ThirdParty\sol2-3.3.0\sol\stack_get_qualified.hpp">
      <Filter>Header Files</Filter>
    </ClInclude>
    <ClInclude Include="src\ThirdParty\sol2-3.3.0\sol\stack_get_unqualified.hpp">
      <Filter>Header Files</Filter>
    </ClInclude>
    <ClInclude Include="src\ThirdParty\sol2-3.3.0\sol\stack_guard.hpp">
      <Filter>Header Files</Filter>
    </ClInclude>
    <ClInclude Include="src\ThirdParty\sol2-3.3.0\sol\stack_iterator.hpp">
      <Filter>Header Files</Filter>
    </ClInclude>
    <ClInclude Include="src\ThirdParty\sol2-3.3.0\sol\stack_pop.hpp">
      <Filter>Header Files</Filter>
    </ClInclude>
    <ClInclude Include="src\ThirdParty\sol2-3.3.0\sol\stack_probe.hpp">
      <Filter>Header Files</Filter>
    </ClInclude>
    <ClInclude Include="src\ThirdParty\sol2-3.3.0\sol\stack_proxy.hpp">
      <Filter>Header Files</Filter>
    </ClInclude>
    <ClInclude Include="src\ThirdParty\sol2-3.3.0\sol\stack_proxy_base.hpp">
      <Filter>Header Files</Filter>
    </ClInclude>
    <ClInclude Include="src\ThirdParty\sol2-3.3.0\sol\stack_push.hpp">
      <Filter>Header Files</Filter>
    </ClInclude>
    <ClInclude Include="src\ThirdParty\sol2-3.3.0\sol\stack_reference.hpp">
      <Filter>Header Files</Filter>
    </ClInclude>
    <ClInclude Include="src\ThirdParty\sol2-3.3.0\sol\state.hpp">
      <Filter>Header Files</Filter>
    </ClInclude>
    <ClInclude Include="src\ThirdParty\sol2-3.3.0\sol\state_handling.hpp">
      <Filter>Header Files</Filter>
    </ClInclude>
    <ClInclude Include="src\ThirdParty\sol2-3.3.0\sol\state_view.hpp">
      <Filter>Header Files</Filter>
    </ClInclude>
    <ClInclude Include="src\ThirdParty\sol2-3.3.0\sol\string_view.hpp">
      <Filter>Header Files</Filter>
    </ClInclude>
    <ClInclude Include="src\ThirdParty\sol2-3.3.0\sol\table.hpp">
      <Filter>Header Files</Filter>
    </ClInclude>
    <ClInclude Include="src\ThirdParty\sol2-3.3.0\sol\table_core.hpp">
      <Filter>Header Files</Filter>
    </ClInclude>
    <ClInclude Include="src\ThirdParty\sol2-3.3.0\sol\table_iterator.hpp">
      <Filter>Header Files</Filter>
    </ClInclude>
    <ClInclude Include="src\ThirdParty\sol2-3.3.0\sol\table_proxy.hpp">
      <Filter>Header Files</Filter>
    </ClInclude>
    <ClInclude Include="src\ThirdParty\sol2-3.3.0\sol\thread.hpp">
      <Filter>Header Files</Filter>
    </ClInclude>
    <ClInclude Include="src\ThirdParty\sol2-3.3.0\sol\tie.hpp">
      <Filter>Header Files</Filter>
    </ClInclude>
    <ClInclude Include="src\ThirdParty\sol2-3.3.0\sol\traits.hpp">
      <Filter>Header Files</Filter>
    </ClInclude>
    <ClInclude Include="src\ThirdParty\sol2-3.3.0\sol\trampoline.hpp">
      <Filter>Header Files</Filter>
    </ClInclude>
    <ClInclude Include="src\ThirdParty\sol2-3.3.0\sol\tuple.hpp">
      <Filter>Header Files</Filter>
    </ClInclude>
    <ClInclude Include="src\ThirdParty\sol2-3.3.0\sol\types.hpp">
      <Filter>Header Files</Filter>
    </ClInclude>
    <ClInclude Include="src\ThirdParty\sol2-3.3.0\sol\unicode.hpp">
      <Filter>Header Files</Filter>
    </ClInclude>
    <ClInclude Include="src\ThirdParty\sol2-3.3.0\sol\unique_usertype_traits.hpp">
      <Filter>Header Files</Filter>
    </ClInclude>
    <ClInclude Include="src\ThirdParty\sol2-3.3.0\sol\unsafe_function.hpp">
      <Filter>Header Files</Filter>
    </ClInclude>
    <ClInclude Include="src\ThirdParty\sol2-3.3.0\sol\unsafe_function_result.hpp">
      <Filter>Header Files</Filter>
    </ClInclude>
    <ClInclude Include="src\ThirdParty\sol2-3.3.0\sol\userdata.hpp">
      <Filter>Header Files</Filter>
    </ClInclude>
    <ClInclude Include="src\ThirdParty\sol2-3.3.0\sol\usertype.hpp">
      <Filter>Header Files</Filter>
    </ClInclude>
    <ClInclude Include="src\ThirdParty\sol2-3.3.0\sol\usertype_container.hpp">
      <Filter>Header Files</Filter>
    </ClInclude>
    <ClInclude Include="src\ThirdParty\sol2-3.3.0\sol\usertype_container_launch.hpp">
      <Filter>Header Files</Filter>
    </ClInclude>
    <ClInclude Include="src\ThirdParty\sol2-3.3.0\sol\usertype_core.hpp">
      <Filter>Header Files</Filter>
    </ClInclude>
    <ClInclude Include="src\ThirdParty\sol2-3.3.0\sol\usertype_proxy.hpp">
      <Filter>Header Files</Filter>
    </ClInclude>
    <ClInclude Include="src\ThirdParty\sol2-3.3.0\sol\usertype_storage.hpp">
      <Filter>Header Files</Filter>
    </ClInclude>
    <ClInclude Include="src\ThirdParty\sol2-3.3.0\sol\usertype_traits.hpp">
      <Filter>Header Files</Filter>
    </ClInclude>
    <ClInclude Include="src\ThirdParty\sol2-3.3.0\sol\variadic_args.hpp">
      <Filter>Header Files</Filter>
    </ClInclude>
    <ClInclude Include="src\ThirdParty\sol2-3.3.0\sol\variadic_results.hpp">
      <Filter>Header Files</Filter>
    </ClInclude>
    <ClInclude Include="src\ThirdParty\sol2-3.3.0\sol\version.hpp">
      <Filter>Header Files</Filter>
    </ClInclude>
    <ClInclude Include="src\ThirdParty\sol2-3.3.0\sol\wrapper.hpp">
      <Filter>Header Files</Filter>
    </ClInclude>
    <ClInclude Include="src\ThirdParty\sol2-3.3.0\sol\resolve.hpp">
      <Filter>Header Files</Filter>
    </ClInclude>
    <ClInclude Include="src\ThirdParty\sol2-3.3.0\sol\compatibility.hpp">
      <Filter>Header Files</Filter>
    </ClInclude>
    <ClInclude Include="src\ThirdParty\sol2-3.3.0\sol\config.hpp">
      <Filter>Header Files</Filter>
    </ClInclude>
    <ClInclude Include="src\ThirdParty\sol2-3.3.0\sol\coroutine.hpp">
      <Filter>Header Files</Filter>
    </ClInclude>
    <ClInclude Include="src\ThirdParty\sol2-3.3.0\sol\debug.hpp">
      <Filter>Header Files</Filter>
    </ClInclude>
    <ClInclude Include="src\ThirdParty\sol2-3.3.0\sol\demangle.hpp">
      <Filter>Header Files</Filter>
    </ClInclude>
    <ClInclude Include="src\ThirdParty\sol2-3.3.0\sol\deprecate.hpp">
      <Filter>Header Files</Filter>
    </ClInclude>
    <ClInclude Include="src\ThirdParty\sol2-3.3.0\sol\dump_handler.hpp">
      <Filter>Header Files</Filter>
    </ClInclude>
    <ClInclude Include="src\ThirdParty\sol2-3.3.0\sol\ebco.hpp">
      <Filter>Header Files</Filter>
    </ClInclude>
    <ClInclude Include="src\ThirdParty\sol2-3.3.0\sol\environment.hpp">
      <Filter>Header Files</Filter>
    </ClInclude>
    <ClInclude Include="src\ThirdParty\sol2-3.3.0\sol\epilogue.hpp">
      <Filter>Header Files</Filter>
    </ClInclude>
    <ClInclude Include="src\ThirdParty\sol2-3.3.0\sol\error.hpp">
      <Filter>Header Files</Filter>
    </ClInclude>
    <ClInclude Include="src\ThirdParty\sol2-3.3.0\sol\error_handler.hpp">
      <Filter>Header Files</Filter>
    </ClInclude>
    <ClInclude Include="src\ThirdParty\sol2-3.3.0\sol\forward.hpp">
      <Filter>Header Files</Filter>
    </ClInclude>
    <ClInclude Include="src\ThirdParty\sol2-3.3.0\sol\forward_detail.hpp">
      <Filter>Header Files</Filter>
    </ClInclude>
    <ClInclude Include="src\ThirdParty\sol2-3.3.0\sol\function.hpp">
      <Filter>Header Files</Filter>
    </ClInclude>
    <ClInclude Include="src\ThirdParty\sol2-3.3.0\sol\function_result.hpp">
      <Filter>Header Files</Filter>
    </ClInclude>
    <ClInclude Include="src\ThirdParty\sol2-3.3.0\sol\function_types.hpp">
      <Filter>Header Files</Filter>
    </ClInclude>
    <ClInclude Include="src\ThirdParty\sol2-3.3.0\sol\function_types_core.hpp">
      <Filter>Header Files</Filter>
    </ClInclude>
    <ClInclude Include="src\ThirdParty\sol2-3.3.0\sol\function_types_overloaded.hpp">
      <Filter>Header Files</Filter>
    </ClInclude>
    <ClInclude Include="src\ThirdParty\sol2-3.3.0\sol\function_types_stateful.hpp">
      <Filter>Header Files</Filter>
    </ClInclude>
    <ClInclude Include="src\ThirdParty\sol2-3.3.0\sol\function_types_stateless.hpp">
      <Filter>Header Files</Filter>
    </ClInclude>
    <ClInclude Include="src\ThirdParty\sol2-3.3.0\sol\function_types_templated.hpp">
      <Filter>Header Files</Filter>
    </ClInclude>
    <ClInclude Include="src\ThirdParty\sol2-3.3.0\sol\in_place.hpp">
      <Filter>Header Files</Filter>
    </ClInclude>
    <ClInclude Include="src\ThirdParty\sol2-3.3.0\sol\inheritance.hpp">
      <Filter>Header Files</Filter>
    </ClInclude>
    <ClInclude Include="src\ThirdParty\sol2-3.3.0\sol\load_result.hpp">
      <Filter>Header Files</Filter>
    </ClInclude>
    <ClInclude Include="src\ThirdParty\sol2-3.3.0\sol\lua_table.hpp">
      <Filter>Header Files</Filter>
    </ClInclude>
    <ClInclude Include="src\ThirdParty\sol2-3.3.0\sol\lua_value.hpp">
      <Filter>Header Files</Filter>
    </ClInclude>
    <ClInclude Include="src\ThirdParty\sol2-3.3.0\sol\make_reference.hpp">
      <Filter>Header Files</Filter>
    </ClInclude>
    <ClInclude Include="src\ThirdParty\sol2-3.3.0\sol\metatable.hpp">
      <Filter>Header Files</Filter>
    </ClInclude>
    <ClInclude Include="src\ThirdParty\sol2-3.3.0\sol\object.hpp">
      <Filter>Header Files</Filter>
    </ClInclude>
    <ClInclude Include="src\ThirdParty\sol2-3.3.0\sol\object_base.hpp">
      <Filter>Header Files</Filter>
    </ClInclude>
    <ClInclude Include="src\ThirdParty\sol2-3.3.0\sol\optional.hpp">
      <Filter>Header Files</Filter>
    </ClInclude>
    <ClInclude Include="src\ThirdParty\sol2-3.3.0\sol\optional_implementation.hpp">
      <Filter>Header Files</Filter>
    </ClInclude>
    <ClInclude Include="src\ThirdParty\sol2-3.3.0\sol\overload.hpp">
      <Filter>Header Files</Filter>
    </ClInclude>
    <ClInclude Include="src\ThirdParty\sol2-3.3.0\sol\packaged_coroutine.hpp">
      <Filter>Header Files</Filter>
    </ClInclude>
    <ClInclude Include="src\ThirdParty\sol2-3.3.0\sol\pairs_iterator.hpp">
      <Filter>Header Files</Filter>
    </ClInclude>
    <ClInclude Include="src\ThirdParty\sol2-3.3.0\sol\pointer_like.hpp">
      <Filter>Header Files</Filter>
    </ClInclude>
    <ClInclude Include="src\ThirdParty\sol2-3.3.0\sol\policies.hpp">
      <Filter>Header Files</Filter>
    </ClInclude>
    <ClInclude Include="src\ThirdParty\sol2-3.3.0\sol\prologue.hpp">
      <Filter>Header Files</Filter>
    </ClInclude>
    <ClInclude Include="src\ThirdParty\sol2-3.3.0\sol\property.hpp">
      <Filter>Header Files</Filter>
    </ClInclude>
    <ClInclude Include="src\ThirdParty\sol2-3.3.0\sol\protect.hpp">
      <Filter>Header Files</Filter>
    </ClInclude>
    <ClInclude Include="src\ThirdParty\sol2-3.3.0\sol\protected_function.hpp">
      <Filter>Header Files</Filter>
    </ClInclude>
    <ClInclude Include="src\ThirdParty\sol2-3.3.0\sol\protected_function_result.hpp">
      <Filter>Header Files</Filter>
    </ClInclude>
    <ClInclude Include="src\ThirdParty\sol2-3.3.0\sol\protected_handler.hpp">
      <Filter>Header Files</Filter>
    </ClInclude>
    <ClInclude Include="src\ThirdParty\sol2-3.3.0\sol\proxy_base.hpp">
      <Filter>Header Files</Filter>
    </ClInclude>
    <ClInclude Include="src\ThirdParty\sol2-3.3.0\sol\raii.hpp">
      <Filter>Header Files</Filter>
    </ClInclude>
    <ClInclude Include="src\ThirdParty\sol2-3.3.0\sol\reference.hpp">
      <Filter>Header Files</Filter>
    </ClInclude>
    <ClInclude Include="src\ThirdParty\sol2-3.3.0\sol\as_args.hpp">
      <Filter>Header Files</Filter>
    </ClInclude>
    <ClInclude Include="src\ThirdParty\sol2-3.3.0\sol\as_returns.hpp">
      <Filter>Header Files</Filter>
    </ClInclude>
    <ClInclude Include="src\ThirdParty\sol2-3.3.0\sol\assert.hpp">
      <Filter>Header Files</Filter>
    </ClInclude>
    <ClInclude Include="src\ThirdParty\sol2-3.3.0\sol\base_traits.hpp">
      <Filter>Header Files</Filter>
    </ClInclude>
    <ClInclude Include="src\ThirdParty\sol2-3.3.0\sol\bind_traits.hpp">
      <Filter>Header Files</Filter>
    </ClInclude>
    <ClInclude Include="src\ThirdParty\sol2-3.3.0\sol\bytecode.hpp">
      <Filter>Header Files</Filter>
    </ClInclude>
    <ClInclude Include="src\ThirdParty\sol2-3.3.0\sol\compatibility\compat-5.3.c.h">
      <Filter>Header Files</Filter>
    </ClInclude>
    <ClInclude Include="src\ThirdParty\sol2-3.3.0\sol\compatibility\compat-5.3.h">
      <Filter>Header Files</Filter>
    </ClInclude>
    <ClInclude Include="src\ThirdParty\sol2-3.3.0\sol\compatibility\compat-5.4.h">
      <Filter>Header Files</Filter>
    </ClInclude>
    <ClInclude Include="src\ThirdParty\sol2-3.3.0\sol\compatibility\lua_version.hpp">
      <Filter>Header Files</Filter>
    </ClInclude>
    <ClInclude Include="src\ThirdParty\sol2-3.3.0\sol\detail\build_version.hpp">
      <Filter>Header Files</Filter>
    </ClInclude>
    <ClInclude Include="src\ThirdParty\sol2-3.3.0\sol\stack\detail\pairs.hpp">
      <Filter>Header Files</Filter>
    </ClInclude>
    <ClInclude Include="src\ThirdParty\box2d-2.4.1\box2d\b2_api.h">
      <Filter>Header Files</Filter>
    </ClInclude>
    <ClInclude Include="src\ThirdParty\box2d-2.4.1\box2d\b2_block_allocator.h">
      <Filter>Header Files</Filter>
    </ClInclude>
    <ClInclude Include="src\ThirdParty\box2d-2.4.1\box2d\b2_body.h">
      <Filter>Header Files</Filter>
    </ClInclude>
    <ClInclude Include="src\ThirdParty\box2d-2.4.1\box2d\b2_broad_phase.h">
      <Filter>Header Files</Filter>
    </ClInclude>
    <ClInclude Include="src\ThirdParty\box2d-2.4.1\box2d\b2_chain_shape.h">
      <Filter>Header Files</Filter>
    </ClInclude>
    <ClInclude Include="src\ThirdParty\box2d-2.4.1\box2d\b2_circle_shape.h">
      <Filter>Header Files</Filter>
    </ClInclude>
    <ClInclude Include="src\ThirdParty\box2d-2.4.1\box2d\b2_collision.h">
      <Filter>Header Files</Filter>
    </ClInclude>
    <ClInclude Include="src\ThirdParty\box2d-2.4.1\box2d\b2_common.h">
      <Filter>Header Files</Filter>
    </ClInclude>
    <ClInclude Include="src\ThirdParty\box2d-2.4.1\box2d\b2_contact.h">
      <Filter>Header Files</Filter>
    </ClInclude>
    <ClInclude Include="src\ThirdParty\box2d-2.4.1\box2d\b2_contact_manager.h">
      <Filter>Header Files</Filter>
    </ClInclude>
    <ClInclude Include="src\ThirdParty\box2d-2.4.1\box2d\b2_distance.h">
      <Filter>Header Files</Filter>
    </ClInclude>
    <ClInclude Include="src\ThirdParty\box2d-2.4.1\box2d\b2_distance_joint.h">
      <Filter>Header Files</Filter>
    </ClInclude>
    <ClInclude Include="src\ThirdParty\box2d-2.4.1\box2d\b2_draw.h">
      <Filter>Header Files</Filter>
    </ClInclude>
    <ClInclude Include="src\ThirdParty\box2d-2.4.1\box2d\b2_dynamic_tree.h">
      <Filter>Header Files</Filter>
    </ClInclude>
    <ClInclude Include="src\ThirdParty\box2d-2.4.1\box2d\b2_edge_shape.h">
      <Filter>Header Files</Filter>
    </ClInclude>
    <ClInclude Include="src\ThirdParty\box2d-2.4.1\box2d\b2_fixture.h">
      <Filter>Header Files</Filter>
    </ClInclude>
    <ClInclude Include="src\ThirdParty\box2d-2.4.1\box2d\b2_friction_joint.h">
      <Filter>Header Files</Filter>
    </ClInclude>
    <ClInclude Include="src\ThirdParty\box2d-2.4.1\box2d\b2_gear_joint.h">
      <Filter>Header Files</Filter>
    </ClInclude>
    <ClInclude Include="src\ThirdParty\box2d-2.4.1\box2d\b2_growable_stack.h">
      <Filter>Header Files</Filter>
    </ClInclude>
    <ClInclude Include="src\ThirdParty\box2d-2.4.1\box2d\b2_joint.h">
      <Filter>Header Files</Filter>
    </ClInclude>
    <ClInclude Include="src\ThirdParty\box2d-2.4.1\box2d\b2_motor_joint.h">
      <Filter>Header Files</Filter>
    </ClInclude>
    <ClInclude Include="src\ThirdParty\box2d-2.4.1\box2d\b2_mouse_joint.h">
      <Filter>Header Files</Filter>
    </ClInclude>
    <ClInclude Include="src\ThirdParty\box2d-2.4.1\box2d\b2_polygon_shape.h">
      <Filter>Header Files</Filter>
    </ClInclude>
    <ClInclude Include="src\ThirdParty\box2d-2.4.1\box2d\b2_prismatic_joint.h">
      <Filter>Header Files</Filter>
    </ClInclude>
    <ClInclude Include="src\ThirdParty\box2d-2.4.1\box2d\b2_pulley_joint.h">
      <Filter>Header Files</Filter>
    </ClInclude>
    <ClInclude Include="src\ThirdParty\box2d-2.4.1\box2d\b2_revolute_joint.h">
      <Filter>Header Files</Filter>
    </ClInclude>
    <ClInclude Include="src\ThirdParty\box2d-2.4.1\box2d\b2_rope.h">
      <Filter>Header Files</Filter>
    </ClInclude>
    <ClInclude Include="src\ThirdParty\box2d-2.4.1\box2d\b2_settings.h">
      <Filter>Header Files</Filter>
    </ClInclude>
    <ClInclude Include="src\ThirdParty\box2d-2.4.1\box2d\b2_shape.h">
      <Filter>Header Files</Filter>
    </ClInclude>
    <ClInclude Include="src\ThirdParty\box2d-2.4.1\box2d\b2_stack_allocator.h">
      <Filter>Header Files</Filter>
    </ClInclude>
    <ClInclude Include="src\ThirdParty\box2d-2.4.1\box2d\b2_time_of_impact.h">
      <Filter>Header Files</Filter>
    </ClInclude>
    <ClInclude Include="src\ThirdParty\box2d-2.4.1\box2d\b2_time_step.h">
      <Filter>Header Files</Filter>
    </ClInclude>
    <ClInclude Include="src\ThirdParty\box2d-2.4.1\box2d\b2_timer.h">
      <Filter>Header Files</Filter>
    </ClInclude>
    <ClInclude Include="src\ThirdParty\box2d-2.4.1\box2d\b2_types.h">
      <Filter>Header Files</Filter>
    </ClInclude>
    <ClInclude Include="src\ThirdParty\box2d-2.4.1\box2d\b2_weld_joint.h">
      <Filter>Header Files</Filter>
    </ClInclude>
    <ClInclude Include="src\ThirdParty\box2d-2.4.1\box2d\b2_wheel_joint.h">
      <Filter>Header Files</Filter>
    </ClInclude>
    <ClInclude Include="src\ThirdParty\box2d-2.4.1\box2d\b2_world.h">
      <Filter>Header Files</Filter>
    </ClInclude>
    <ClInclude Include="src\ThirdParty\box2d-2.4.1\box2d\b2_world_callbacks.h">
      <Filter>Header Files</Filter>
    </ClInclude>
    <ClInclude Include="src\ThirdParty\glm\glm\geometric.hpp">
      <Filter>Header Files</Filter>
    </ClInclude>
    <ClInclude Include="src\ThirdParty\glm\glm\glm.hpp">
      <Filter>Header Files</Filter>
    </ClInclude>
    <ClInclude Include="src\ThirdParty\glm\glm\integer.hpp">
      <Filter>Header Files</Filter>
    </ClInclude>
    <ClInclude Include="src\ThirdParty\glm\glm\mat2x2.hpp">
      <Filter>Header Files</Filter>
    </ClInclude>
    <ClInclude Include="src\ThirdParty\glm\glm\mat2x3.hpp">
      <Filter>Header Files</Filter>
    </ClInclude>
    <ClInclude Include="src\ThirdParty\glm\glm\mat2x4.hpp">
      <Filter>Header Files</Filter>
    </ClInclude>
    <ClInclude Include="src\ThirdParty\glm\glm\mat3x2.hpp">
      <Filter>Header Files</Filter>
    </ClInclude>
    <ClInclude Include="src\ThirdParty\glm\glm\mat3x3.hpp">
      <Filter>Header Files</Filter>
    </ClInclude>
    <ClInclude Include="src\ThirdParty\glm\glm\mat3x4.hpp">
      <Filter>Header Files</Filter>
    </ClInclude>
    <ClInclude Include="src\ThirdParty\glm\glm\mat4x2.hpp">
      <Filter>Header Files</Filter>
    </ClInclude>
    <ClInclude Include="src\ThirdParty\glm\glm\mat4x3.hpp">
      <Filter>Header Files</Filter>
    </ClInclude>
    <ClInclude Include="src\ThirdParty\glm\glm\mat4x4.hpp">
      <Filter>Header Files</Filter>
    </ClInclude>
    <ClInclude Include="src\ThirdParty\glm\glm\matrix.hpp">
      <Filter>Header Files</Filter>
    </ClInclude>
    <ClInclude Include="src\ThirdParty\glm\glm\packing.hpp">
      <Filter>Header Files</Filter>
    </ClInclude>
    <ClInclude Include="src\ThirdParty\glm\glm\trigonometric.hpp">
      <Filter>Header Files</Filter>
    </ClInclude>
    <ClInclude Include="src\ThirdParty\glm\glm\vec2.hpp">
      <Filter>Header Files</Filter>
    </ClInclude>
    <ClInclude Include="src\ThirdParty\glm\glm\vec3.hpp">
      <Filter>Header Files</Filter>
    </ClInclude>
    <ClInclude Include="src\ThirdParty\glm\glm\vec4.hpp">
      <Filter>Header Files</Filter>
    </ClInclude>
    <ClInclude Include="src\ThirdParty\glm\glm\vector_relational.hpp">
      <Filter>Header Files</Filter>
    </ClInclude>
    <ClInclude Include="src\ThirdParty\glm\glm\common.hpp">
      <Filter>Header Files</Filter>
    </ClInclude>
    <ClInclude Include="src\ThirdParty\glm\glm\exponential.hpp">
      <Filter>Header Files</Filter>
    </ClInclude>
    <ClInclude Include="src\ThirdParty\glm\glm\ext.hpp">
      <Filter>Header Files</Filter>
    </ClInclude>
    <ClInclude Include="src\ThirdParty\glm\glm\fwd.hpp">
      <Filter>Header Files</Filter>
    </ClInclude>
    <ClInclude Include="src\ThirdParty\lua-5.4.6\lapi.h">
      <Filter>Header Files</Filter>
    </ClInclude>
    <ClInclude Include="src\ThirdParty\lua-5.4.6\lauxlib.h">
      <Filter>Header Files</Filter>
    </ClInclude>
    <ClInclude Include="src\ThirdParty\lua-5.4.6\lcode.h">
      <Filter>Header Files</Filter>
    </ClInclude>
    <ClInclude Include="src\ThirdParty\lua-5.4.6\lctype.h">
      <Filter>Header Files</Filter>
    </ClInclude>
    <ClInclude Include="src\ThirdParty\lua-5.4.6\ldebug.h">
      <Filter>Header Files</Filter>
    </ClInclude>
    <ClInclude Include="src\ThirdParty\lua-5.4.6\ldo.h">
      <Filter>Header Files</Filter>
    </ClInclude>
    <ClInclude Include="src\ThirdParty\lua-5.4.6\lfunc.h">
      <Filter>Header Files</Filter>
    </ClInclude>
    <ClInclude Include="src\ThirdParty\lua-5.4.6\lgc.h">
      <Filter>Header Files</Filter>
    </ClInclude>
    <ClInclude Include="src\ThirdParty\lua-5.4.6\ljumptab.h">
      <Filter>Header Files</Filter>
    </ClInclude>
    <ClInclude Include="src\ThirdParty\lua-5.4.6\llex.h">
      <Filter>Header Files</Filter>
    </ClInclude>
    <ClInclude Include="src\ThirdParty\lua-5.4.6\llimits.h">
      <Filter>Header Files</Filter>
    </ClInclude>
    <ClInclude Include="src\ThirdParty\lua-5.4.6\lmem.h">
      <Filter>Header Files</Filter>
    </ClInclude>
    <ClInclude Include="src\ThirdParty\lua-5.4.6\lobject.h">
      <Filter>Header Files</Filter>
    </ClInclude>
    <ClInclude Include="src\ThirdParty\lua-5.4.6\lopcodes.h">
      <Filter>Header Files</Filter>
    </ClInclude>
    <ClInclude Include="src\ThirdParty\lua-5.4.6\lopnames.h">
      <Filter>Header Files</Filter>
    </ClInclude>
    <ClInclude Include="src\ThirdParty\lua-5.4.6\lparser.h">
      <Filter>Header Files</Filter>
    </ClInclude>
    <ClInclude Include="src\ThirdParty\lua-5.4.6\lprefix.h">
      <Filter>Header Files</Filter>
    </ClInclude>
    <ClInclude Include="src\ThirdParty\lua-5.4.6\lstate.h">
      <Filter>Header Files</Filter>
    </ClInclude>
    <ClInclude Include="src\ThirdParty\lua-5.4.6\lstring.h">
      <Filter>Header Files</Filter>
    </ClInclude>
    <ClInclude Include="src\ThirdParty\lua-5.4.6\ltable.h">
      <Filter>Header Files</Filter>
    </ClInclude>
    <ClInclude Include="src\ThirdParty\lua-5.4.6\ltm.h">
      <Filter>Header Files</Filter>
    </ClInclude>
    <ClInclude Include="src\ThirdParty\lua-5.4.6\lua.h">
      <Filter>Header Files</Filter>
    </ClInclude>
    <ClInclude Include="src\ThirdParty\lua-5.4.6\lua.hpp">
      <Filter>Header Files</Filter>
    </ClInclude>
    <ClInclude Include="src\ThirdParty\lua-5.4.6\luaconf.h">
      <Filter>Header Files</Filter>
    </ClInclude>
    <ClInclude Include="src\ThirdParty\lua-5.4.6\lualib.h">
      <Filter>Header Files</Filter>
    </ClInclude>
    <ClInclude Include="src\ThirdParty\lua-5.4.6\lundump.h">
      <Filter>Header Files</Filter>
    </ClInclude>
    <ClInclude Include="src\ThirdParty\lua-5.4.6\lzio.h">
      <Filter>Header Files</Filter>
    </ClInclude>
    <ClInclude Include="src\ThirdParty\SDL2_image-2.8.2\include\SDL_image.h">
      <Filter>Header Files</Filter>
    </ClInclude>
    <ClInclude Include="src\ThirdParty\SDL2_mixer-2.8.0\include\SDL_mixer.h">
      <Filter>Header Files</Filter>
    </ClInclude>
    <ClInclude Include="src\ThirdParty\SDL2_ttf-2.22.0\SDL_ttf.h">
      <Filter>Header Files</Filter>
    </ClInclude>
    <ClInclude Include="src\ThirdParty\SDL2-2.30.5\include\SDL.h">
      <Filter>Header Files</Filter>
    </ClInclude>
  </ItemGroup>
  <ItemGroup>
    <None Include="resources\game.config" />
    <None Include="resources\rendering.config" />
    <None Include="resources\scenes\basic.scene" />
  </ItemGroup>
</Project>