// !$*UTF8*$!
{
	archiveVersion = 1;
	classes = {
	};
	objectVersion = 56;
	objects = {

/* Begin PBXBuildFile section */
		8974C5752BFB94E100DCA906 /* SDL2_image.framework in Frameworks */ = {isa = PBXBuildFile; fileRef = 8974C5692BFB8C0800DCA906 /* SDL2_image.framework */; };
		8974C5772BFB94E100DCA906 /* SDL2_mixer.framework in Frameworks */ = {isa = PBXBuildFile; fileRef = 8974C56A2BFB8C0800DCA906 /* SDL2_mixer.framework */; };
		8974C5792BFB94E100DCA906 /* SDL2_ttf.framework in Frameworks */ = {isa = PBXBuildFile; fileRef = 8974C56B2BFB8C0800DCA906 /* SDL2_ttf.framework */; };
		8974C57B2BFB94E100DCA906 /* SDL2.framework in Frameworks */ = {isa = PBXBuildFile; fileRef = 8974C5682BFB8C0800DCA906 /* SDL2.framework */; };
		8974C59E2BFBA11F00DCA906 /* lgc.c in Sources */ = {isa = PBXBuildFile; fileRef = 8974C57E2BFBA11E00DCA906 /* lgc.c */; };
		8974C59F2BFBA11F00DCA906 /* lauxlib.c in Sources */ = {isa = PBXBuildFile; fileRef = 8974C57F2BFBA11E00DCA906 /* lauxlib.c */; };
		8974C5A02BFBA11F00DCA906 /* lopcodes.c in Sources */ = {isa = PBXBuildFile; fileRef = 8974C5802BFBA11E00DCA906 /* lopcodes.c */; };
		8974C5A12BFBA11F00DCA906 /* lundump.c in Sources */ = {isa = PBXBuildFile; fileRef = 8974C5812BFBA11E00DCA906 /* lundump.c */; };
		8974C5A22BFBA11F00DCA906 /* liolib.c in Sources */ = {isa = PBXBuildFile; fileRef = 8974C5822BFBA11E00DCA906 /* liolib.c */; };
		8974C5A32BFBA11F00DCA906 /* lstate.c in Sources */ = {isa = PBXBuildFile; fileRef = 8974C5832BFBA11E00DCA906 /* lstate.c */; };
		8974C5A42BFBA11F00DCA906 /* llex.c in Sources */ = {isa = PBXBuildFile; fileRef = 8974C5842BFBA11E00DCA906 /* llex.c */; };
		8974C5A52BFBA11F00DCA906 /* linit.c in Sources */ = {isa = PBXBuildFile; fileRef = 8974C5852BFBA11E00DCA906 /* linit.c */; };
		8974C5A62BFBA11F00DCA906 /* lbaselib.c in Sources */ = {isa = PBXBuildFile; fileRef = 8974C5862BFBA11E00DCA906 /* lbaselib.c */; };
		8974C5A72BFBA11F00DCA906 /* lcode.c in Sources */ = {isa = PBXBuildFile; fileRef = 8974C5872BFBA11E00DCA906 /* lcode.c */; };
		8974C5A82BFBA11F00DCA906 /* lapi.c in Sources */ = {isa = PBXBuildFile; fileRef = 8974C5882BFBA11E00DCA906 /* lapi.c */; };
		8974C5A92BFBA11F00DCA906 /* lstring.c in Sources */ = {isa = PBXBuildFile; fileRef = 8974C5892BFBA11E00DCA906 /* lstring.c */; };
		8974C5AA2BFBA11F00DCA906 /* loadlib.c in Sources */ = {isa = PBXBuildFile; fileRef = 8974C58A2BFBA11E00DCA906 /* loadlib.c */; };
		8974C5AB2BFBA11F00DCA906 /* ldump.c in Sources */ = {isa = PBXBuildFile; fileRef = 8974C58B2BFBA11E00DCA906 /* ldump.c */; };
		8974C5AC2BFBA11F00DCA906 /* lobject.c in Sources */ = {isa = PBXBuildFile; fileRef = 8974C58C2BFBA11E00DCA906 /* lobject.c */; };
		8974C5AD2BFBA11F00DCA906 /* lfunc.c in Sources */ = {isa = PBXBuildFile; fileRef = 8974C58D2BFBA11E00DCA906 /* lfunc.c */; };
		8974C5AE2BFBA11F00DCA906 /* loslib.c in Sources */ = {isa = PBXBuildFile; fileRef = 8974C58E2BFBA11E00DCA906 /* loslib.c */; };
		8974C5AF2BFBA11F00DCA906 /* lctype.c in Sources */ = {isa = PBXBuildFile; fileRef = 8974C58F2BFBA11E00DCA906 /* lctype.c */; };
		8974C5B02BFBA11F00DCA906 /* ldblib.c in Sources */ = {isa = PBXBuildFile; fileRef = 8974C5902BFBA11E00DCA906 /* ldblib.c */; };
		8974C5B12BFBA11F00DCA906 /* ltable.c in Sources */ = {isa = PBXBuildFile; fileRef = 8974C5912BFBA11E00DCA906 /* ltable.c */; };
		8974C5B22BFBA11F00DCA906 /* lzio.c in Sources */ = {isa = PBXBuildFile; fileRef = 8974C5922BFBA11E00DCA906 /* lzio.c */; };
		8974C5B32BFBA11F00DCA906 /* lcorolib.c in Sources */ = {isa = PBXBuildFile; fileRef = 8974C5932BFBA11E00DCA906 /* lcorolib.c */; };
		8974C5B42BFBA11F00DCA906 /* lutf8lib.c in Sources */ = {isa = PBXBuildFile; fileRef = 8974C5942BFBA11E00DCA906 /* lutf8lib.c */; };
		8974C5B52BFBA11F00DCA906 /* lmathlib.c in Sources */ = {isa = PBXBuildFile; fileRef = 8974C5952BFBA11E00DCA906 /* lmathlib.c */; };
		8974C5B62BFBA11F00DCA906 /* lstrlib.c in Sources */ = {isa = PBXBuildFile; fileRef = 8974C5962BFBA11F00DCA906 /* lstrlib.c */; };
		8974C5B72BFBA11F00DCA906 /* ldo.c in Sources */ = {isa = PBXBuildFile; fileRef = 8974C5972BFBA11F00DCA906 /* ldo.c */; };
		8974C5B82BFBA11F00DCA906 /* ltm.c in Sources */ = {isa = PBXBuildFile; fileRef = 8974C5982BFBA11F00DCA906 /* ltm.c */; };
		8974C5B92BFBA11F00DCA906 /* lmem.c in Sources */ = {isa = PBXBuildFile; fileRef = 8974C5992BFBA11F00DCA906 /* lmem.c */; };
		8974C5BA2BFBA11F00DCA906 /* ldebug.c in Sources */ = {isa = PBXBuildFile; fileRef = 8974C59A2BFBA11F00DCA906 /* ldebug.c */; };
		8974C5BB2BFBA11F00DCA906 /* lvm.c in Sources */ = {isa = PBXBuildFile; fileRef = 8974C59B2BFBA11F00DCA906 /* lvm.c */; };
		8974C5BC2BFBA11F00DCA906 /* ltablib.c in Sources */ = {isa = PBXBuildFile; fileRef = 8974C59C2BFBA11F00DCA906 /* ltablib.c */; };
		8974C5BD2BFBA11F00DCA906 /* lparser.c in Sources */ = {isa = PBXBuildFile; fileRef = 8974C59D2BFBA11F00DCA906 /* lparser.c */; };
		8974C5CB2BFBA18600DCA906 /* b2_circle_shape.cpp in Sources */ = {isa = PBXBuildFile; fileRef = 8974C5BF2BFBA18600DCA906 /* b2_circle_shape.cpp */; };
		8974C5CC2BFBA18600DCA906 /* b2_collide_polygon.cpp in Sources */ = {isa = PBXBuildFile; fileRef = 8974C5C02BFBA18600DCA906 /* b2_collide_polygon.cpp */; };
		8974C5CD2BFBA18600DCA906 /* b2_broad_phase.cpp in Sources */ = {isa = PBXBuildFile; fileRef = 8974C5C12BFBA18600DCA906 /* b2_broad_phase.cpp */; };
		8974C5CE2BFBA18600DCA906 /* b2_edge_shape.cpp in Sources */ = {isa = PBXBuildFile; fileRef = 8974C5C22BFBA18600DCA906 /* b2_edge_shape.cpp */; };
		8974C5CF2BFBA18600DCA906 /* b2_collide_circle.cpp in Sources */ = {isa = PBXBuildFile; fileRef = 8974C5C32BFBA18600DCA906 /* b2_collide_circle.cpp */; };
		8974C5D02BFBA18600DCA906 /* b2_polygon_shape.cpp in Sources */ = {isa = PBXBuildFile; fileRef = 8974C5C42BFBA18600DCA906 /* b2_polygon_shape.cpp */; };
		8974C5D12BFBA18600DCA906 /* b2_collision.cpp in Sources */ = {isa = PBXBuildFile; fileRef = 8974C5C52BFBA18600DCA906 /* b2_collision.cpp */; };
		8974C5D22BFBA18600DCA906 /* b2_collide_edge.cpp in Sources */ = {isa = PBXBuildFile; fileRef = 8974C5C62BFBA18600DCA906 /* b2_collide_edge.cpp */; };
		8974C5D32BFBA18600DCA906 /* b2_chain_shape.cpp in Sources */ = {isa = PBXBuildFile; fileRef = 8974C5C72BFBA18600DCA906 /* b2_chain_shape.cpp */; };
		8974C5D42BFBA18600DCA906 /* b2_distance.cpp in Sources */ = {isa = PBXBuildFile; fileRef = 8974C5C82BFBA18600DCA906 /* b2_distance.cpp */; };
		8974C5D52BFBA18600DCA906 /* b2_dynamic_tree.cpp in Sources */ = {isa = PBXBuildFile; fileRef = 8974C5C92BFBA18600DCA906 /* b2_dynamic_tree.cpp */; };
		8974C5D62BFBA18600DCA906 /* b2_time_of_impact.cpp in Sources */ = {isa = PBXBuildFile; fileRef = 8974C5CA2BFBA18600DCA906 /* b2_time_of_impact.cpp */; };
		8974C5E32BFBA22300DCA906 /* b2_math.cpp in Sources */ = {isa = PBXBuildFile; fileRef = 8974C5DD2BFBA22300DCA906 /* b2_math.cpp */; };
		8974C5E42BFBA22300DCA906 /* b2_draw.cpp in Sources */ = {isa = PBXBuildFile; fileRef = 8974C5DE2BFBA22300DCA906 /* b2_draw.cpp */; };
		8974C5E52BFBA22300DCA906 /* b2_block_allocator.cpp in Sources */ = {isa = PBXBuildFile; fileRef = 8974C5DF2BFBA22300DCA906 /* b2_block_allocator.cpp */; };
		8974C5E62BFBA22300DCA906 /* b2_settings.cpp in Sources */ = {isa = PBXBuildFile; fileRef = 8974C5E02BFBA22300DCA906 /* b2_settings.cpp */; };
		8974C5E72BFBA22300DCA906 /* b2_stack_allocator.cpp in Sources */ = {isa = PBXBuildFile; fileRef = 8974C5E12BFBA22300DCA906 /* b2_stack_allocator.cpp */; };
		8974C5E82BFBA22300DCA906 /* b2_timer.cpp in Sources */ = {isa = PBXBuildFile; fileRef = 8974C5E22BFBA22300DCA906 /* b2_timer.cpp */; };
		8974C6032BFBA27C00DCA906 /* b2_wheel_joint.cpp in Sources */ = {isa = PBXBuildFile; fileRef = 8974C5E92BFBA27C00DCA906 /* b2_wheel_joint.cpp */; };
		8974C6042BFBA27C00DCA906 /* b2_edge_polygon_contact.cpp in Sources */ = {isa = PBXBuildFile; fileRef = 8974C5EA2BFBA27C00DCA906 /* b2_edge_polygon_contact.cpp */; };
		8974C6052BFBA27C00DCA906 /* b2_contact_manager.cpp in Sources */ = {isa = PBXBuildFile; fileRef = 8974C5EB2BFBA27C00DCA906 /* b2_contact_manager.cpp */; };
		8974C6062BFBA27C00DCA906 /* b2_gear_joint.cpp in Sources */ = {isa = PBXBuildFile; fileRef = 8974C5EC2BFBA27C00DCA906 /* b2_gear_joint.cpp */; };
		8974C6072BFBA27C00DCA906 /* b2_friction_joint.cpp in Sources */ = {isa = PBXBuildFile; fileRef = 8974C5ED2BFBA27C00DCA906 /* b2_friction_joint.cpp */; };
		8974C6082BFBA27C00DCA906 /* b2_contact_solver.cpp in Sources */ = {isa = PBXBuildFile; fileRef = 8974C5EE2BFBA27C00DCA906 /* b2_contact_solver.cpp */; };
		8974C6092BFBA27C00DCA906 /* b2_prismatic_joint.cpp in Sources */ = {isa = PBXBuildFile; fileRef = 8974C5EF2BFBA27C00DCA906 /* b2_prismatic_joint.cpp */; };
		8974C60A2BFBA27C00DCA906 /* b2_world_callbacks.cpp in Sources */ = {isa = PBXBuildFile; fileRef = 8974C5F02BFBA27C00DCA906 /* b2_world_callbacks.cpp */; };
		8974C60B2BFBA27C00DCA906 /* b2_polygon_circle_contact.cpp in Sources */ = {isa = PBXBuildFile; fileRef = 8974C5F12BFBA27C00DCA906 /* b2_polygon_circle_contact.cpp */; };
		8974C60C2BFBA27C00DCA906 /* b2_mouse_joint.cpp in Sources */ = {isa = PBXBuildFile; fileRef = 8974C5F22BFBA27C00DCA906 /* b2_mouse_joint.cpp */; };
		8974C60D2BFBA27C00DCA906 /* b2_island.cpp in Sources */ = {isa = PBXBuildFile; fileRef = 8974C5F32BFBA27C00DCA906 /* b2_island.cpp */; };
		8974C60E2BFBA27C00DCA906 /* b2_body.cpp in Sources */ = {isa = PBXBuildFile; fileRef = 8974C5F42BFBA27C00DCA906 /* b2_body.cpp */; };
		8974C60F2BFBA27C00DCA906 /* b2_chain_circle_contact.cpp in Sources */ = {isa = PBXBuildFile; fileRef = 8974C5F52BFBA27C00DCA906 /* b2_chain_circle_contact.cpp */; };
		8974C6102BFBA27C00DCA906 /* b2_revolute_joint.cpp in Sources */ = {isa = PBXBuildFile; fileRef = 8974C5F62BFBA27C00DCA906 /* b2_revolute_joint.cpp */; };
		8974C6112BFBA27C00DCA906 /* b2_motor_joint.cpp in Sources */ = {isa = PBXBuildFile; fileRef = 8974C5F72BFBA27C00DCA906 /* b2_motor_joint.cpp */; };
		8974C6122BFBA27C00DCA906 /* b2_contact.cpp in Sources */ = {isa = PBXBuildFile; fileRef = 8974C5F82BFBA27C00DCA906 /* b2_contact.cpp */; };
		8974C6132BFBA27C00DCA906 /* b2_world.cpp in Sources */ = {isa = PBXBuildFile; fileRef = 8974C5F92BFBA27C00DCA906 /* b2_world.cpp */; };
		8974C6142BFBA27C00DCA906 /* b2_chain_polygon_contact.cpp in Sources */ = {isa = PBXBuildFile; fileRef = 8974C5FA2BFBA27C00DCA906 /* b2_chain_polygon_contact.cpp */; };
		8974C6152BFBA27C00DCA906 /* b2_circle_contact.cpp in Sources */ = {isa = PBXBuildFile; fileRef = 8974C5FB2BFBA27C00DCA906 /* b2_circle_contact.cpp */; };
		8974C6162BFBA27C00DCA906 /* b2_pulley_joint.cpp in Sources */ = {isa = PBXBuildFile; fileRef = 8974C5FC2BFBA27C00DCA906 /* b2_pulley_joint.cpp */; };
		8974C6172BFBA27C00DCA906 /* b2_joint.cpp in Sources */ = {isa = PBXBuildFile; fileRef = 8974C5FD2BFBA27C00DCA906 /* b2_joint.cpp */; };
		8974C6182BFBA27C00DCA906 /* b2_polygon_contact.cpp in Sources */ = {isa = PBXBuildFile; fileRef = 8974C5FE2BFBA27C00DCA906 /* b2_polygon_contact.cpp */; };
		8974C6192BFBA27C00DCA906 /* b2_weld_joint.cpp in Sources */ = {isa = PBXBuildFile; fileRef = 8974C5FF2BFBA27C00DCA906 /* b2_weld_joint.cpp */; };
		8974C61A2BFBA27C00DCA906 /* b2_fixture.cpp in Sources */ = {isa = PBXBuildFile; fileRef = 8974C6002BFBA27C00DCA906 /* b2_fixture.cpp */; };
		8974C61B2BFBA27C00DCA906 /* b2_edge_circle_contact.cpp in Sources */ = {isa = PBXBuildFile; fileRef = 8974C6012BFBA27C00DCA906 /* b2_edge_circle_contact.cpp */; };
		8974C61C2BFBA27C00DCA906 /* b2_distance_joint.cpp in Sources */ = {isa = PBXBuildFile; fileRef = 8974C6022BFBA27C00DCA906 /* b2_distance_joint.cpp */; };
		8974C61E2BFBA2A700DCA906 /* b2_rope.cpp in Sources */ = {isa = PBXBuildFile; fileRef = 8974C61D2BFBA2A700DCA906 /* b2_rope.cpp */; };
		8974C6232BFBA4C900DCA906 /* main.cpp in Sources */ = {isa = PBXBuildFile; fileRef = 8974C6222BFBA4C900DCA906 /* main.cpp */; };
		89D484962BFBB0DB00E27B91 /* Engine.cpp in Sources */ = {isa = PBXBuildFile; fileRef = 89D484952BFBB0DB00E27B91 /* Engine.cpp */; };
/* End PBXBuildFile section */

/* Begin PBXCopyFilesBuildPhase section */
		8974C5462BFB833F00DCA906 /* CopyFiles */ = {
			isa = PBXCopyFilesBuildPhase;
			buildActionMask = 2147483647;
			dstPath = /usr/share/man/man1/;
			dstSubfolderSpec = 0;
			files = (
			);
			runOnlyForDeploymentPostprocessing = 1;
		};
/* End PBXCopyFilesBuildPhase section */

/* Begin PBXFileReference section */
		8974C5482BFB833F00DCA906 /* wolverine_engine */ = {isa = PBXFileReference; explicitFileType = "compiled.mach-o.executable"; includeInIndex = 0; path = wolverine_engine; sourceTree = BUILT_PRODUCTS_DIR; };
		8974C5672BFB890700DCA906 /* wolverine_engine.entitlements */ = {isa = PBXFileReference; lastKnownFileType = text.plist.entitlements; path = wolverine_engine.entitlements; sourceTree = "<group>"; };
		8974C5682BFB8C0800DCA906 /* SDL2.framework */ = {isa = PBXFileReference; lastKnownFileType = wrapper.framework; name = SDL2.framework; path = src/ThirdParty/frameworks/SDL2.framework; sourceTree = "<group>"; };
		8974C5692BFB8C0800DCA906 /* SDL2_image.framework */ = {isa = PBXFileReference; lastKnownFileType = wrapper.framework; name = SDL2_image.framework; path = src/ThirdParty/frameworks/SDL2_image.framework; sourceTree = "<group>"; };
		8974C56A2BFB8C0800DCA906 /* SDL2_mixer.framework */ = {isa = PBXFileReference; lastKnownFileType = wrapper.framework; name = SDL2_mixer.framework; path = src/ThirdParty/frameworks/SDL2_mixer.framework; sourceTree = "<group>"; };
		8974C56B2BFB8C0800DCA906 /* SDL2_ttf.framework */ = {isa = PBXFileReference; lastKnownFileType = wrapper.framework; name = SDL2_ttf.framework; path = src/ThirdParty/frameworks/SDL2_ttf.framework; sourceTree = "<group>"; };
		8974C57E2BFBA11E00DCA906 /* lgc.c */ = {isa = PBXFileReference; lastKnownFileType = sourcecode.c.c; name = lgc.c; path = "src/ThirdParty/lua-5.4.6/lgc.c"; sourceTree = "<group>"; };
		8974C57F2BFBA11E00DCA906 /* lauxlib.c */ = {isa = PBXFileReference; lastKnownFileType = sourcecode.c.c; name = lauxlib.c; path = "src/ThirdParty/lua-5.4.6/lauxlib.c"; sourceTree = "<group>"; };
		8974C5802BFBA11E00DCA906 /* lopcodes.c */ = {isa = PBXFileReference; lastKnownFileType = sourcecode.c.c; name = lopcodes.c; path = "src/ThirdParty/lua-5.4.6/lopcodes.c"; sourceTree = "<group>"; };
		8974C5812BFBA11E00DCA906 /* lundump.c */ = {isa = PBXFileReference; lastKnownFileType = sourcecode.c.c; name = lundump.c; path = "src/ThirdParty/lua-5.4.6/lundump.c"; sourceTree = "<group>"; };
		8974C5822BFBA11E00DCA906 /* liolib.c */ = {isa = PBXFileReference; lastKnownFileType = sourcecode.c.c; name = liolib.c; path = "src/ThirdParty/lua-5.4.6/liolib.c"; sourceTree = "<group>"; };
		8974C5832BFBA11E00DCA906 /* lstate.c */ = {isa = PBXFileReference; lastKnownFileType = sourcecode.c.c; name = lstate.c; path = "src/ThirdParty/lua-5.4.6/lstate.c"; sourceTree = "<group>"; };
		8974C5842BFBA11E00DCA906 /* llex.c */ = {isa = PBXFileReference; lastKnownFileType = sourcecode.c.c; name = llex.c; path = "src/ThirdParty/lua-5.4.6/llex.c"; sourceTree = "<group>"; };
		8974C5852BFBA11E00DCA906 /* linit.c */ = {isa = PBXFileReference; lastKnownFileType = sourcecode.c.c; name = linit.c; path = "src/ThirdParty/lua-5.4.6/linit.c"; sourceTree = "<group>"; };
		8974C5862BFBA11E00DCA906 /* lbaselib.c */ = {isa = PBXFileReference; lastKnownFileType = sourcecode.c.c; name = lbaselib.c; path = "src/ThirdParty/lua-5.4.6/lbaselib.c"; sourceTree = "<group>"; };
		8974C5872BFBA11E00DCA906 /* lcode.c */ = {isa = PBXFileReference; lastKnownFileType = sourcecode.c.c; name = lcode.c; path = "src/ThirdParty/lua-5.4.6/lcode.c"; sourceTree = "<group>"; };
		8974C5882BFBA11E00DCA906 /* lapi.c */ = {isa = PBXFileReference; lastKnownFileType = sourcecode.c.c; name = lapi.c; path = "src/ThirdParty/lua-5.4.6/lapi.c"; sourceTree = "<group>"; };
		8974C5892BFBA11E00DCA906 /* lstring.c */ = {isa = PBXFileReference; lastKnownFileType = sourcecode.c.c; name = lstring.c; path = "src/ThirdParty/lua-5.4.6/lstring.c"; sourceTree = "<group>"; };
		8974C58A2BFBA11E00DCA906 /* loadlib.c */ = {isa = PBXFileReference; lastKnownFileType = sourcecode.c.c; name = loadlib.c; path = "src/ThirdParty/lua-5.4.6/loadlib.c"; sourceTree = "<group>"; };
		8974C58B2BFBA11E00DCA906 /* ldump.c */ = {isa = PBXFileReference; lastKnownFileType = sourcecode.c.c; name = ldump.c; path = "src/ThirdParty/lua-5.4.6/ldump.c"; sourceTree = "<group>"; };
		8974C58C2BFBA11E00DCA906 /* lobject.c */ = {isa = PBXFileReference; lastKnownFileType = sourcecode.c.c; name = lobject.c; path = "src/ThirdParty/lua-5.4.6/lobject.c"; sourceTree = "<group>"; };
		8974C58D2BFBA11E00DCA906 /* lfunc.c */ = {isa = PBXFileReference; lastKnownFileType = sourcecode.c.c; name = lfunc.c; path = "src/ThirdParty/lua-5.4.6/lfunc.c"; sourceTree = "<group>"; };
		8974C58E2BFBA11E00DCA906 /* loslib.c */ = {isa = PBXFileReference; lastKnownFileType = sourcecode.c.c; name = loslib.c; path = "src/ThirdParty/lua-5.4.6/loslib.c"; sourceTree = "<group>"; };
		8974C58F2BFBA11E00DCA906 /* lctype.c */ = {isa = PBXFileReference; lastKnownFileType = sourcecode.c.c; name = lctype.c; path = "src/ThirdParty/lua-5.4.6/lctype.c"; sourceTree = "<group>"; };
		8974C5902BFBA11E00DCA906 /* ldblib.c */ = {isa = PBXFileReference; lastKnownFileType = sourcecode.c.c; name = ldblib.c; path = "src/ThirdParty/lua-5.4.6/ldblib.c"; sourceTree = "<group>"; };
		8974C5912BFBA11E00DCA906 /* ltable.c */ = {isa = PBXFileReference; lastKnownFileType = sourcecode.c.c; name = ltable.c; path = "src/ThirdParty/lua-5.4.6/ltable.c"; sourceTree = "<group>"; };
		8974C5922BFBA11E00DCA906 /* lzio.c */ = {isa = PBXFileReference; lastKnownFileType = sourcecode.c.c; name = lzio.c; path = "src/ThirdParty/lua-5.4.6/lzio.c"; sourceTree = "<group>"; };
		8974C5932BFBA11E00DCA906 /* lcorolib.c */ = {isa = PBXFileReference; lastKnownFileType = sourcecode.c.c; name = lcorolib.c; path = "src/ThirdParty/lua-5.4.6/lcorolib.c"; sourceTree = "<group>"; };
		8974C5942BFBA11E00DCA906 /* lutf8lib.c */ = {isa = PBXFileReference; lastKnownFileType = sourcecode.c.c; name = lutf8lib.c; path = "src/ThirdParty/lua-5.4.6/lutf8lib.c"; sourceTree = "<group>"; };
		8974C5952BFBA11E00DCA906 /* lmathlib.c */ = {isa = PBXFileReference; lastKnownFileType = sourcecode.c.c; name = lmathlib.c; path = "src/ThirdParty/lua-5.4.6/lmathlib.c"; sourceTree = "<group>"; };
		8974C5962BFBA11F00DCA906 /* lstrlib.c */ = {isa = PBXFileReference; lastKnownFileType = sourcecode.c.c; name = lstrlib.c; path = "src/ThirdParty/lua-5.4.6/lstrlib.c"; sourceTree = "<group>"; };
		8974C5972BFBA11F00DCA906 /* ldo.c */ = {isa = PBXFileReference; lastKnownFileType = sourcecode.c.c; name = ldo.c; path = "src/ThirdParty/lua-5.4.6/ldo.c"; sourceTree = "<group>"; };
		8974C5982BFBA11F00DCA906 /* ltm.c */ = {isa = PBXFileReference; lastKnownFileType = sourcecode.c.c; name = ltm.c; path = "src/ThirdParty/lua-5.4.6/ltm.c"; sourceTree = "<group>"; };
		8974C5992BFBA11F00DCA906 /* lmem.c */ = {isa = PBXFileReference; lastKnownFileType = sourcecode.c.c; name = lmem.c; path = "src/ThirdParty/lua-5.4.6/lmem.c"; sourceTree = "<group>"; };
		8974C59A2BFBA11F00DCA906 /* ldebug.c */ = {isa = PBXFileReference; lastKnownFileType = sourcecode.c.c; name = ldebug.c; path = "src/ThirdParty/lua-5.4.6/ldebug.c"; sourceTree = "<group>"; };
		8974C59B2BFBA11F00DCA906 /* lvm.c */ = {isa = PBXFileReference; lastKnownFileType = sourcecode.c.c; name = lvm.c; path = "src/ThirdParty/lua-5.4.6/lvm.c"; sourceTree = "<group>"; };
		8974C59C2BFBA11F00DCA906 /* ltablib.c */ = {isa = PBXFileReference; lastKnownFileType = sourcecode.c.c; name = ltablib.c; path = "src/ThirdParty/lua-5.4.6/ltablib.c"; sourceTree = "<group>"; };
		8974C59D2BFBA11F00DCA906 /* lparser.c */ = {isa = PBXFileReference; lastKnownFileType = sourcecode.c.c; name = lparser.c; path = "src/ThirdParty/lua-5.4.6/lparser.c"; sourceTree = "<group>"; };
		8974C5BF2BFBA18600DCA906 /* b2_circle_shape.cpp */ = {isa = PBXFileReference; lastKnownFileType = sourcecode.cpp.cpp; name = b2_circle_shape.cpp; path = "src/ThirdParty/box2d-2.4.1/src/collision/b2_circle_shape.cpp"; sourceTree = "<group>"; };
		8974C5C02BFBA18600DCA906 /* b2_collide_polygon.cpp */ = {isa = PBXFileReference; lastKnownFileType = sourcecode.cpp.cpp; name = b2_collide_polygon.cpp; path = "src/ThirdParty/box2d-2.4.1/src/collision/b2_collide_polygon.cpp"; sourceTree = "<group>"; };
		8974C5C12BFBA18600DCA906 /* b2_broad_phase.cpp */ = {isa = PBXFileReference; lastKnownFileType = sourcecode.cpp.cpp; name = b2_broad_phase.cpp; path = "src/ThirdParty/box2d-2.4.1/src/collision/b2_broad_phase.cpp"; sourceTree = "<group>"; };
		8974C5C22BFBA18600DCA906 /* b2_edge_shape.cpp */ = {isa = PBXFileReference; lastKnownFileType = sourcecode.cpp.cpp; name = b2_edge_shape.cpp; path = "src/ThirdParty/box2d-2.4.1/src/collision/b2_edge_shape.cpp"; sourceTree = "<group>"; };
		8974C5C32BFBA18600DCA906 /* b2_collide_circle.cpp */ = {isa = PBXFileReference; lastKnownFileType = sourcecode.cpp.cpp; name = b2_collide_circle.cpp; path = "src/ThirdParty/box2d-2.4.1/src/collision/b2_collide_circle.cpp"; sourceTree = "<group>"; };
		8974C5C42BFBA18600DCA906 /* b2_polygon_shape.cpp */ = {isa = PBXFileReference; lastKnownFileType = sourcecode.cpp.cpp; name = b2_polygon_shape.cpp; path = "src/ThirdParty/box2d-2.4.1/src/collision/b2_polygon_shape.cpp"; sourceTree = "<group>"; };
		8974C5C52BFBA18600DCA906 /* b2_collision.cpp */ = {isa = PBXFileReference; lastKnownFileType = sourcecode.cpp.cpp; name = b2_collision.cpp; path = "src/ThirdParty/box2d-2.4.1/src/collision/b2_collision.cpp"; sourceTree = "<group>"; };
		8974C5C62BFBA18600DCA906 /* b2_collide_edge.cpp */ = {isa = PBXFileReference; lastKnownFileType = sourcecode.cpp.cpp; name = b2_collide_edge.cpp; path = "src/ThirdParty/box2d-2.4.1/src/collision/b2_collide_edge.cpp"; sourceTree = "<group>"; };
		8974C5C72BFBA18600DCA906 /* b2_chain_shape.cpp */ = {isa = PBXFileReference; lastKnownFileType = sourcecode.cpp.cpp; name = b2_chain_shape.cpp; path = "src/ThirdParty/box2d-2.4.1/src/collision/b2_chain_shape.cpp"; sourceTree = "<group>"; };
		8974C5C82BFBA18600DCA906 /* b2_distance.cpp */ = {isa = PBXFileReference; lastKnownFileType = sourcecode.cpp.cpp; name = b2_distance.cpp; path = "src/ThirdParty/box2d-2.4.1/src/collision/b2_distance.cpp"; sourceTree = "<group>"; };
		8974C5C92BFBA18600DCA906 /* b2_dynamic_tree.cpp */ = {isa = PBXFileReference; lastKnownFileType = sourcecode.cpp.cpp; name = b2_dynamic_tree.cpp; path = "src/ThirdParty/box2d-2.4.1/src/collision/b2_dynamic_tree.cpp"; sourceTree = "<group>"; };
		8974C5CA2BFBA18600DCA906 /* b2_time_of_impact.cpp */ = {isa = PBXFileReference; lastKnownFileType = sourcecode.cpp.cpp; name = b2_time_of_impact.cpp; path = "src/ThirdParty/box2d-2.4.1/src/collision/b2_time_of_impact.cpp"; sourceTree = "<group>"; };
		8974C5DD2BFBA22300DCA906 /* b2_math.cpp */ = {isa = PBXFileReference; lastKnownFileType = sourcecode.cpp.cpp; name = b2_math.cpp; path = "src/ThirdParty/box2d-2.4.1/src/common/b2_math.cpp"; sourceTree = "<group>"; };
		8974C5DE2BFBA22300DCA906 /* b2_draw.cpp */ = {isa = PBXFileReference; lastKnownFileType = sourcecode.cpp.cpp; name = b2_draw.cpp; path = "src/ThirdParty/box2d-2.4.1/src/common/b2_draw.cpp"; sourceTree = "<group>"; };
		8974C5DF2BFBA22300DCA906 /* b2_block_allocator.cpp */ = {isa = PBXFileReference; lastKnownFileType = sourcecode.cpp.cpp; name = b2_block_allocator.cpp; path = "src/ThirdParty/box2d-2.4.1/src/common/b2_block_allocator.cpp"; sourceTree = "<group>"; };
		8974C5E02BFBA22300DCA906 /* b2_settings.cpp */ = {isa = PBXFileReference; lastKnownFileType = sourcecode.cpp.cpp; name = b2_settings.cpp; path = "src/ThirdParty/box2d-2.4.1/src/common/b2_settings.cpp"; sourceTree = "<group>"; };
		8974C5E12BFBA22300DCA906 /* b2_stack_allocator.cpp */ = {isa = PBXFileReference; lastKnownFileType = sourcecode.cpp.cpp; name = b2_stack_allocator.cpp; path = "src/ThirdParty/box2d-2.4.1/src/common/b2_stack_allocator.cpp"; sourceTree = "<group>"; };
		8974C5E22BFBA22300DCA906 /* b2_timer.cpp */ = {isa = PBXFileReference; lastKnownFileType = sourcecode.cpp.cpp; name = b2_timer.cpp; path = "src/ThirdParty/box2d-2.4.1/src/common/b2_timer.cpp"; sourceTree = "<group>"; };
		8974C5E92BFBA27C00DCA906 /* b2_wheel_joint.cpp */ = {isa = PBXFileReference; lastKnownFileType = sourcecode.cpp.cpp; name = b2_wheel_joint.cpp; path = "src/ThirdParty/box2d-2.4.1/src/dynamics/b2_wheel_joint.cpp"; sourceTree = "<group>"; };
		8974C5EA2BFBA27C00DCA906 /* b2_edge_polygon_contact.cpp */ = {isa = PBXFileReference; lastKnownFileType = sourcecode.cpp.cpp; name = b2_edge_polygon_contact.cpp; path = "src/ThirdParty/box2d-2.4.1/src/dynamics/b2_edge_polygon_contact.cpp"; sourceTree = "<group>"; };
		8974C5EB2BFBA27C00DCA906 /* b2_contact_manager.cpp */ = {isa = PBXFileReference; lastKnownFileType = sourcecode.cpp.cpp; name = b2_contact_manager.cpp; path = "src/ThirdParty/box2d-2.4.1/src/dynamics/b2_contact_manager.cpp"; sourceTree = "<group>"; };
		8974C5EC2BFBA27C00DCA906 /* b2_gear_joint.cpp */ = {isa = PBXFileReference; lastKnownFileType = sourcecode.cpp.cpp; name = b2_gear_joint.cpp; path = "src/ThirdParty/box2d-2.4.1/src/dynamics/b2_gear_joint.cpp"; sourceTree = "<group>"; };
		8974C5ED2BFBA27C00DCA906 /* b2_friction_joint.cpp */ = {isa = PBXFileReference; lastKnownFileType = sourcecode.cpp.cpp; name = b2_friction_joint.cpp; path = "src/ThirdParty/box2d-2.4.1/src/dynamics/b2_friction_joint.cpp"; sourceTree = "<group>"; };
		8974C5EE2BFBA27C00DCA906 /* b2_contact_solver.cpp */ = {isa = PBXFileReference; lastKnownFileType = sourcecode.cpp.cpp; name = b2_contact_solver.cpp; path = "src/ThirdParty/box2d-2.4.1/src/dynamics/b2_contact_solver.cpp"; sourceTree = "<group>"; };
		8974C5EF2BFBA27C00DCA906 /* b2_prismatic_joint.cpp */ = {isa = PBXFileReference; lastKnownFileType = sourcecode.cpp.cpp; name = b2_prismatic_joint.cpp; path = "src/ThirdParty/box2d-2.4.1/src/dynamics/b2_prismatic_joint.cpp"; sourceTree = "<group>"; };
		8974C5F02BFBA27C00DCA906 /* b2_world_callbacks.cpp */ = {isa = PBXFileReference; lastKnownFileType = sourcecode.cpp.cpp; name = b2_world_callbacks.cpp; path = "src/ThirdParty/box2d-2.4.1/src/dynamics/b2_world_callbacks.cpp"; sourceTree = "<group>"; };
		8974C5F12BFBA27C00DCA906 /* b2_polygon_circle_contact.cpp */ = {isa = PBXFileReference; lastKnownFileType = sourcecode.cpp.cpp; name = b2_polygon_circle_contact.cpp; path = "src/ThirdParty/box2d-2.4.1/src/dynamics/b2_polygon_circle_contact.cpp"; sourceTree = "<group>"; };
		8974C5F22BFBA27C00DCA906 /* b2_mouse_joint.cpp */ = {isa = PBXFileReference; lastKnownFileType = sourcecode.cpp.cpp; name = b2_mouse_joint.cpp; path = "src/ThirdParty/box2d-2.4.1/src/dynamics/b2_mouse_joint.cpp"; sourceTree = "<group>"; };
		8974C5F32BFBA27C00DCA906 /* b2_island.cpp */ = {isa = PBXFileReference; lastKnownFileType = sourcecode.cpp.cpp; name = b2_island.cpp; path = "src/ThirdParty/box2d-2.4.1/src/dynamics/b2_island.cpp"; sourceTree = "<group>"; };
		8974C5F42BFBA27C00DCA906 /* b2_body.cpp */ = {isa = PBXFileReference; lastKnownFileType = sourcecode.cpp.cpp; name = b2_body.cpp; path = "src/ThirdParty/box2d-2.4.1/src/dynamics/b2_body.cpp"; sourceTree = "<group>"; };
		8974C5F52BFBA27C00DCA906 /* b2_chain_circle_contact.cpp */ = {isa = PBXFileReference; lastKnownFileType = sourcecode.cpp.cpp; name = b2_chain_circle_contact.cpp; path = "src/ThirdParty/box2d-2.4.1/src/dynamics/b2_chain_circle_contact.cpp"; sourceTree = "<group>"; };
		8974C5F62BFBA27C00DCA906 /* b2_revolute_joint.cpp */ = {isa = PBXFileReference; lastKnownFileType = sourcecode.cpp.cpp; name = b2_revolute_joint.cpp; path = "src/ThirdParty/box2d-2.4.1/src/dynamics/b2_revolute_joint.cpp"; sourceTree = "<group>"; };
		8974C5F72BFBA27C00DCA906 /* b2_motor_joint.cpp */ = {isa = PBXFileReference; lastKnownFileType = sourcecode.cpp.cpp; name = b2_motor_joint.cpp; path = "src/ThirdParty/box2d-2.4.1/src/dynamics/b2_motor_joint.cpp"; sourceTree = "<group>"; };
		8974C5F82BFBA27C00DCA906 /* b2_contact.cpp */ = {isa = PBXFileReference; lastKnownFileType = sourcecode.cpp.cpp; name = b2_contact.cpp; path = "src/ThirdParty/box2d-2.4.1/src/dynamics/b2_contact.cpp"; sourceTree = "<group>"; };
		8974C5F92BFBA27C00DCA906 /* b2_world.cpp */ = {isa = PBXFileReference; lastKnownFileType = sourcecode.cpp.cpp; name = b2_world.cpp; path = "src/ThirdParty/box2d-2.4.1/src/dynamics/b2_world.cpp"; sourceTree = "<group>"; };
		8974C5FA2BFBA27C00DCA906 /* b2_chain_polygon_contact.cpp */ = {isa = PBXFileReference; lastKnownFileType = sourcecode.cpp.cpp; name = b2_chain_polygon_contact.cpp; path = "src/ThirdParty/box2d-2.4.1/src/dynamics/b2_chain_polygon_contact.cpp"; sourceTree = "<group>"; };
		8974C5FB2BFBA27C00DCA906 /* b2_circle_contact.cpp */ = {isa = PBXFileReference; lastKnownFileType = sourcecode.cpp.cpp; name = b2_circle_contact.cpp; path = "src/ThirdParty/box2d-2.4.1/src/dynamics/b2_circle_contact.cpp"; sourceTree = "<group>"; };
		8974C5FC2BFBA27C00DCA906 /* b2_pulley_joint.cpp */ = {isa = PBXFileReference; lastKnownFileType = sourcecode.cpp.cpp; name = b2_pulley_joint.cpp; path = "src/ThirdParty/box2d-2.4.1/src/dynamics/b2_pulley_joint.cpp"; sourceTree = "<group>"; };
		8974C5FD2BFBA27C00DCA906 /* b2_joint.cpp */ = {isa = PBXFileReference; lastKnownFileType = sourcecode.cpp.cpp; name = b2_joint.cpp; path = "src/ThirdParty/box2d-2.4.1/src/dynamics/b2_joint.cpp"; sourceTree = "<group>"; };
		8974C5FE2BFBA27C00DCA906 /* b2_polygon_contact.cpp */ = {isa = PBXFileReference; lastKnownFileType = sourcecode.cpp.cpp; name = b2_polygon_contact.cpp; path = "src/ThirdParty/box2d-2.4.1/src/dynamics/b2_polygon_contact.cpp"; sourceTree = "<group>"; };
		8974C5FF2BFBA27C00DCA906 /* b2_weld_joint.cpp */ = {isa = PBXFileReference; lastKnownFileType = sourcecode.cpp.cpp; name = b2_weld_joint.cpp; path = "src/ThirdParty/box2d-2.4.1/src/dynamics/b2_weld_joint.cpp"; sourceTree = "<group>"; };
		8974C6002BFBA27C00DCA906 /* b2_fixture.cpp */ = {isa = PBXFileReference; lastKnownFileType = sourcecode.cpp.cpp; name = b2_fixture.cpp; path = "src/ThirdParty/box2d-2.4.1/src/dynamics/b2_fixture.cpp"; sourceTree = "<group>"; };
		8974C6012BFBA27C00DCA906 /* b2_edge_circle_contact.cpp */ = {isa = PBXFileReference; lastKnownFileType = sourcecode.cpp.cpp; name = b2_edge_circle_contact.cpp; path = "src/ThirdParty/box2d-2.4.1/src/dynamics/b2_edge_circle_contact.cpp"; sourceTree = "<group>"; };
		8974C6022BFBA27C00DCA906 /* b2_distance_joint.cpp */ = {isa = PBXFileReference; lastKnownFileType = sourcecode.cpp.cpp; name = b2_distance_joint.cpp; path = "src/ThirdParty/box2d-2.4.1/src/dynamics/b2_distance_joint.cpp"; sourceTree = "<group>"; };
		8974C61D2BFBA2A700DCA906 /* b2_rope.cpp */ = {isa = PBXFileReference; lastKnownFileType = sourcecode.cpp.cpp; name = b2_rope.cpp; path = "src/ThirdParty/box2d-2.4.1/src/rope/b2_rope.cpp"; sourceTree = "<group>"; };
		8974C6222BFBA4C900DCA906 /* main.cpp */ = {isa = PBXFileReference; lastKnownFileType = sourcecode.cpp.cpp; name = main.cpp; path = src/FirstParty/src/main.cpp; sourceTree = "<group>"; };
		89D484952BFBB0DB00E27B91 /* Engine.cpp */ = {isa = PBXFileReference; lastKnownFileType = sourcecode.cpp.cpp; name = Engine.cpp; path = src/FirstParty/src/Engine.cpp; sourceTree = "<group>"; };
		89D484972BFBB37700E27B91 /* FirstParty */ = {isa = PBXFileReference; lastKnownFileType = folder; name = FirstParty; path = src/FirstParty; sourceTree = "<group>"; };
/* End PBXFileReference section */

/* Begin PBXFrameworksBuildPhase section */
		8974C5452BFB833F00DCA906 /* Frameworks */ = {
			isa = PBXFrameworksBuildPhase;
			buildActionMask = 2147483647;
			files = (
				8974C5752BFB94E100DCA906 /* SDL2_image.framework in Frameworks */,
				8974C5792BFB94E100DCA906 /* SDL2_ttf.framework in Frameworks */,
				8974C5772BFB94E100DCA906 /* SDL2_mixer.framework in Frameworks */,
				8974C57B2BFB94E100DCA906 /* SDL2.framework in Frameworks */,
			);
			runOnlyForDeploymentPostprocessing = 0;
		};
/* End PBXFrameworksBuildPhase section */

/* Begin PBXGroup section */
		8974C53F2BFB833F00DCA906 = {
			isa = PBXGroup;
			children = (
				89D484972BFBB37700E27B91 /* FirstParty */,
				8974C5672BFB890700DCA906 /* wolverine_engine.entitlements */,
				8974C6222BFBA4C900DCA906 /* main.cpp */,
				89D484942BFBB09C00E27B91 /* src */,
				8974C5D72BFBA18B00DCA906 /* Box2d */,
				8974C5BE2BFBA12900DCA906 /* Lua */,
				8974C5492BFB833F00DCA906 /* Products */,
				8974C5592BFB87C100DCA906 /* Frameworks */,
			);
			sourceTree = "<group>";
		};
		8974C5492BFB833F00DCA906 /* Products */ = {
			isa = PBXGroup;
			children = (
				8974C5482BFB833F00DCA906 /* wolverine_engine */,
			);
			name = Products;
			sourceTree = "<group>";
		};
		8974C5592BFB87C100DCA906 /* Frameworks */ = {
			isa = PBXGroup;
			children = (
				8974C5692BFB8C0800DCA906 /* SDL2_image.framework */,
				8974C56A2BFB8C0800DCA906 /* SDL2_mixer.framework */,
				8974C56B2BFB8C0800DCA906 /* SDL2_ttf.framework */,
				8974C5682BFB8C0800DCA906 /* SDL2.framework */,
			);
			name = Frameworks;
			sourceTree = "<group>";
		};
		8974C5BE2BFBA12900DCA906 /* Lua */ = {
			isa = PBXGroup;
			children = (
				8974C5882BFBA11E00DCA906 /* lapi.c */,
				8974C57F2BFBA11E00DCA906 /* lauxlib.c */,
				8974C5862BFBA11E00DCA906 /* lbaselib.c */,
				8974C5872BFBA11E00DCA906 /* lcode.c */,
				8974C5932BFBA11E00DCA906 /* lcorolib.c */,
				8974C58F2BFBA11E00DCA906 /* lctype.c */,
				8974C5902BFBA11E00DCA906 /* ldblib.c */,
				8974C59A2BFBA11F00DCA906 /* ldebug.c */,
				8974C5972BFBA11F00DCA906 /* ldo.c */,
				8974C58B2BFBA11E00DCA906 /* ldump.c */,
				8974C58D2BFBA11E00DCA906 /* lfunc.c */,
				8974C57E2BFBA11E00DCA906 /* lgc.c */,
				8974C5852BFBA11E00DCA906 /* linit.c */,
				8974C5822BFBA11E00DCA906 /* liolib.c */,
				8974C5842BFBA11E00DCA906 /* llex.c */,
				8974C5952BFBA11E00DCA906 /* lmathlib.c */,
				8974C5992BFBA11F00DCA906 /* lmem.c */,
				8974C58A2BFBA11E00DCA906 /* loadlib.c */,
				8974C58C2BFBA11E00DCA906 /* lobject.c */,
				8974C5802BFBA11E00DCA906 /* lopcodes.c */,
				8974C58E2BFBA11E00DCA906 /* loslib.c */,
				8974C59D2BFBA11F00DCA906 /* lparser.c */,
				8974C5832BFBA11E00DCA906 /* lstate.c */,
				8974C5892BFBA11E00DCA906 /* lstring.c */,
				8974C5962BFBA11F00DCA906 /* lstrlib.c */,
				8974C5912BFBA11E00DCA906 /* ltable.c */,
				8974C59C2BFBA11F00DCA906 /* ltablib.c */,
				8974C5982BFBA11F00DCA906 /* ltm.c */,
				8974C5812BFBA11E00DCA906 /* lundump.c */,
				8974C5942BFBA11E00DCA906 /* lutf8lib.c */,
				8974C59B2BFBA11F00DCA906 /* lvm.c */,
				8974C5922BFBA11E00DCA906 /* lzio.c */,
			);
			name = Lua;
			sourceTree = "<group>";
		};
		8974C5D72BFBA18B00DCA906 /* Box2d */ = {
			isa = PBXGroup;
			children = (
				8974C5DC2BFBA1F500DCA906 /* rope */,
				8974C5DB2BFBA1EC00DCA906 /* dynamics */,
				8974C5DA2BFBA1DC00DCA906 /* common */,
				8974C5D82BFBA19C00DCA906 /* collision */,
			);
			name = Box2d;
			sourceTree = "<group>";
		};
		8974C5D82BFBA19C00DCA906 /* collision */ = {
			isa = PBXGroup;
			children = (
				8974C5C12BFBA18600DCA906 /* b2_broad_phase.cpp */,
				8974C5C72BFBA18600DCA906 /* b2_chain_shape.cpp */,
				8974C5BF2BFBA18600DCA906 /* b2_circle_shape.cpp */,
				8974C5C32BFBA18600DCA906 /* b2_collide_circle.cpp */,
				8974C5C62BFBA18600DCA906 /* b2_collide_edge.cpp */,
				8974C5C02BFBA18600DCA906 /* b2_collide_polygon.cpp */,
				8974C5C52BFBA18600DCA906 /* b2_collision.cpp */,
				8974C5C82BFBA18600DCA906 /* b2_distance.cpp */,
				8974C5C92BFBA18600DCA906 /* b2_dynamic_tree.cpp */,
				8974C5C22BFBA18600DCA906 /* b2_edge_shape.cpp */,
				8974C5C42BFBA18600DCA906 /* b2_polygon_shape.cpp */,
				8974C5CA2BFBA18600DCA906 /* b2_time_of_impact.cpp */,
			);
			name = collision;
			sourceTree = "<group>";
		};
		8974C5DA2BFBA1DC00DCA906 /* common */ = {
			isa = PBXGroup;
			children = (
				8974C5DF2BFBA22300DCA906 /* b2_block_allocator.cpp */,
				8974C5DE2BFBA22300DCA906 /* b2_draw.cpp */,
				8974C5DD2BFBA22300DCA906 /* b2_math.cpp */,
				8974C5E02BFBA22300DCA906 /* b2_settings.cpp */,
				8974C5E12BFBA22300DCA906 /* b2_stack_allocator.cpp */,
				8974C5E22BFBA22300DCA906 /* b2_timer.cpp */,
			);
			name = common;
			sourceTree = "<group>";
		};
		8974C5DB2BFBA1EC00DCA906 /* dynamics */ = {
			isa = PBXGroup;
			children = (
				8974C5F42BFBA27C00DCA906 /* b2_body.cpp */,
				8974C5F52BFBA27C00DCA906 /* b2_chain_circle_contact.cpp */,
				8974C5FA2BFBA27C00DCA906 /* b2_chain_polygon_contact.cpp */,
				8974C5FB2BFBA27C00DCA906 /* b2_circle_contact.cpp */,
				8974C5EB2BFBA27C00DCA906 /* b2_contact_manager.cpp */,
				8974C5EE2BFBA27C00DCA906 /* b2_contact_solver.cpp */,
				8974C5F82BFBA27C00DCA906 /* b2_contact.cpp */,
				8974C6022BFBA27C00DCA906 /* b2_distance_joint.cpp */,
				8974C6012BFBA27C00DCA906 /* b2_edge_circle_contact.cpp */,
				8974C5EA2BFBA27C00DCA906 /* b2_edge_polygon_contact.cpp */,
				8974C6002BFBA27C00DCA906 /* b2_fixture.cpp */,
				8974C5ED2BFBA27C00DCA906 /* b2_friction_joint.cpp */,
				8974C5EC2BFBA27C00DCA906 /* b2_gear_joint.cpp */,
				8974C5F32BFBA27C00DCA906 /* b2_island.cpp */,
				8974C5FD2BFBA27C00DCA906 /* b2_joint.cpp */,
				8974C5F72BFBA27C00DCA906 /* b2_motor_joint.cpp */,
				8974C5F22BFBA27C00DCA906 /* b2_mouse_joint.cpp */,
				8974C5F12BFBA27C00DCA906 /* b2_polygon_circle_contact.cpp */,
				8974C5FE2BFBA27C00DCA906 /* b2_polygon_contact.cpp */,
				8974C5EF2BFBA27C00DCA906 /* b2_prismatic_joint.cpp */,
				8974C5FC2BFBA27C00DCA906 /* b2_pulley_joint.cpp */,
				8974C5F62BFBA27C00DCA906 /* b2_revolute_joint.cpp */,
				8974C5FF2BFBA27C00DCA906 /* b2_weld_joint.cpp */,
				8974C5E92BFBA27C00DCA906 /* b2_wheel_joint.cpp */,
				8974C5F02BFBA27C00DCA906 /* b2_world_callbacks.cpp */,
				8974C5F92BFBA27C00DCA906 /* b2_world.cpp */,
			);
			name = dynamics;
			sourceTree = "<group>";
		};
		8974C5DC2BFBA1F500DCA906 /* rope */ = {
			isa = PBXGroup;
			children = (
				8974C61D2BFBA2A700DCA906 /* b2_rope.cpp */,
			);
			name = rope;
			sourceTree = "<group>";
		};
		89D484942BFBB09C00E27B91 /* src */ = {
			isa = PBXGroup;
			children = (
				89D484952BFBB0DB00E27B91 /* Engine.cpp */,
			);
			name = src;
			sourceTree = "<group>";
		};
/* End PBXGroup section */

/* Begin PBXNativeTarget section */
		8974C5472BFB833F00DCA906 /* wolverine_engine */ = {
			isa = PBXNativeTarget;
			buildConfigurationList = 8974C54F2BFB833F00DCA906 /* Build configuration list for PBXNativeTarget "wolverine_engine" */;
			buildPhases = (
				8974C5442BFB833F00DCA906 /* Sources */,
				8974C5452BFB833F00DCA906 /* Frameworks */,
				8974C5462BFB833F00DCA906 /* CopyFiles */,
			);
			buildRules = (
			);
			dependencies = (
			);
			name = wolverine_engine;
			productName = wolverine_engine;
			productReference = 8974C5482BFB833F00DCA906 /* wolverine_engine */;
			productType = "com.apple.product-type.tool";
		};
/* End PBXNativeTarget section */

/* Begin PBXProject section */
		8974C5402BFB833F00DCA906 /* Project object */ = {
			isa = PBXProject;
			attributes = {
				BuildIndependentTargetsInParallel = 1;
				LastUpgradeCheck = 1530;
				TargetAttributes = {
					8974C5472BFB833F00DCA906 = {
						CreatedOnToolsVersion = 15.3;
					};
				};
			};
			buildConfigurationList = 8974C5432BFB833F00DCA906 /* Build configuration list for PBXProject "wolverine_engine" */;
			compatibilityVersion = "Xcode 14.0";
			developmentRegion = en;
			hasScannedForEncodings = 0;
			knownRegions = (
				en,
				Base,
			);
			mainGroup = 8974C53F2BFB833F00DCA906;
			productRefGroup = 8974C5492BFB833F00DCA906 /* Products */;
			projectDirPath = "";
			projectRoot = "";
			targets = (
				8974C5472BFB833F00DCA906 /* wolverine_engine */,
			);
		};
/* End PBXProject section */

/* Begin PBXSourcesBuildPhase section */
		8974C5442BFB833F00DCA906 /* Sources */ = {
			isa = PBXSourcesBuildPhase;
			buildActionMask = 2147483647;
			files = (
				89D484962BFBB0DB00E27B91 /* Engine.cpp in Sources */,
				8974C6232BFBA4C900DCA906 /* main.cpp in Sources */,
				8974C61E2BFBA2A700DCA906 /* b2_rope.cpp in Sources */,
				8974C6032BFBA27C00DCA906 /* b2_wheel_joint.cpp in Sources */,
				8974C6042BFBA27C00DCA906 /* b2_edge_polygon_contact.cpp in Sources */,
				8974C6052BFBA27C00DCA906 /* b2_contact_manager.cpp in Sources */,
				8974C6062BFBA27C00DCA906 /* b2_gear_joint.cpp in Sources */,
				8974C6072BFBA27C00DCA906 /* b2_friction_joint.cpp in Sources */,
				8974C6082BFBA27C00DCA906 /* b2_contact_solver.cpp in Sources */,
				8974C6092BFBA27C00DCA906 /* b2_prismatic_joint.cpp in Sources */,
				8974C60A2BFBA27C00DCA906 /* b2_world_callbacks.cpp in Sources */,
				8974C60B2BFBA27C00DCA906 /* b2_polygon_circle_contact.cpp in Sources */,
				8974C60C2BFBA27C00DCA906 /* b2_mouse_joint.cpp in Sources */,
				8974C60D2BFBA27C00DCA906 /* b2_island.cpp in Sources */,
				8974C60E2BFBA27C00DCA906 /* b2_body.cpp in Sources */,
				8974C60F2BFBA27C00DCA906 /* b2_chain_circle_contact.cpp in Sources */,
				8974C6102BFBA27C00DCA906 /* b2_revolute_joint.cpp in Sources */,
				8974C6112BFBA27C00DCA906 /* b2_motor_joint.cpp in Sources */,
				8974C6122BFBA27C00DCA906 /* b2_contact.cpp in Sources */,
				8974C6132BFBA27C00DCA906 /* b2_world.cpp in Sources */,
				8974C6142BFBA27C00DCA906 /* b2_chain_polygon_contact.cpp in Sources */,
				8974C6152BFBA27C00DCA906 /* b2_circle_contact.cpp in Sources */,
				8974C6162BFBA27C00DCA906 /* b2_pulley_joint.cpp in Sources */,
				8974C6172BFBA27C00DCA906 /* b2_joint.cpp in Sources */,
				8974C6182BFBA27C00DCA906 /* b2_polygon_contact.cpp in Sources */,
				8974C6192BFBA27C00DCA906 /* b2_weld_joint.cpp in Sources */,
				8974C61A2BFBA27C00DCA906 /* b2_fixture.cpp in Sources */,
				8974C61B2BFBA27C00DCA906 /* b2_edge_circle_contact.cpp in Sources */,
				8974C61C2BFBA27C00DCA906 /* b2_distance_joint.cpp in Sources */,
				8974C5E32BFBA22300DCA906 /* b2_math.cpp in Sources */,
				8974C5E42BFBA22300DCA906 /* b2_draw.cpp in Sources */,
				8974C5E52BFBA22300DCA906 /* b2_block_allocator.cpp in Sources */,
				8974C5E62BFBA22300DCA906 /* b2_settings.cpp in Sources */,
				8974C5E72BFBA22300DCA906 /* b2_stack_allocator.cpp in Sources */,
				8974C5E82BFBA22300DCA906 /* b2_timer.cpp in Sources */,
				8974C5CB2BFBA18600DCA906 /* b2_circle_shape.cpp in Sources */,
				8974C5CC2BFBA18600DCA906 /* b2_collide_polygon.cpp in Sources */,
				8974C5CD2BFBA18600DCA906 /* b2_broad_phase.cpp in Sources */,
				8974C5CE2BFBA18600DCA906 /* b2_edge_shape.cpp in Sources */,
				8974C5CF2BFBA18600DCA906 /* b2_collide_circle.cpp in Sources */,
				8974C5D02BFBA18600DCA906 /* b2_polygon_shape.cpp in Sources */,
				8974C5D12BFBA18600DCA906 /* b2_collision.cpp in Sources */,
				8974C5D22BFBA18600DCA906 /* b2_collide_edge.cpp in Sources */,
				8974C5D32BFBA18600DCA906 /* b2_chain_shape.cpp in Sources */,
				8974C5D42BFBA18600DCA906 /* b2_distance.cpp in Sources */,
				8974C5D52BFBA18600DCA906 /* b2_dynamic_tree.cpp in Sources */,
				8974C5D62BFBA18600DCA906 /* b2_time_of_impact.cpp in Sources */,
				8974C59E2BFBA11F00DCA906 /* lgc.c in Sources */,
				8974C59F2BFBA11F00DCA906 /* lauxlib.c in Sources */,
				8974C5A02BFBA11F00DCA906 /* lopcodes.c in Sources */,
				8974C5A12BFBA11F00DCA906 /* lundump.c in Sources */,
				8974C5A22BFBA11F00DCA906 /* liolib.c in Sources */,
				8974C5A32BFBA11F00DCA906 /* lstate.c in Sources */,
				8974C5A42BFBA11F00DCA906 /* llex.c in Sources */,
				8974C5A52BFBA11F00DCA906 /* linit.c in Sources */,
				8974C5A62BFBA11F00DCA906 /* lbaselib.c in Sources */,
				8974C5A72BFBA11F00DCA906 /* lcode.c in Sources */,
				8974C5A82BFBA11F00DCA906 /* lapi.c in Sources */,
				8974C5A92BFBA11F00DCA906 /* lstring.c in Sources */,
				8974C5AA2BFBA11F00DCA906 /* loadlib.c in Sources */,
				8974C5AB2BFBA11F00DCA906 /* ldump.c in Sources */,
				8974C5AC2BFBA11F00DCA906 /* lobject.c in Sources */,
				8974C5AD2BFBA11F00DCA906 /* lfunc.c in Sources */,
				8974C5AE2BFBA11F00DCA906 /* loslib.c in Sources */,
				8974C5AF2BFBA11F00DCA906 /* lctype.c in Sources */,
				8974C5B02BFBA11F00DCA906 /* ldblib.c in Sources */,
				8974C5B12BFBA11F00DCA906 /* ltable.c in Sources */,
				8974C5B22BFBA11F00DCA906 /* lzio.c in Sources */,
				8974C5B32BFBA11F00DCA906 /* lcorolib.c in Sources */,
				8974C5B42BFBA11F00DCA906 /* lutf8lib.c in Sources */,
				8974C5B52BFBA11F00DCA906 /* lmathlib.c in Sources */,
				8974C5B62BFBA11F00DCA906 /* lstrlib.c in Sources */,
				8974C5B72BFBA11F00DCA906 /* ldo.c in Sources */,
				8974C5B82BFBA11F00DCA906 /* ltm.c in Sources */,
				8974C5B92BFBA11F00DCA906 /* lmem.c in Sources */,
				8974C5BA2BFBA11F00DCA906 /* ldebug.c in Sources */,
				8974C5BB2BFBA11F00DCA906 /* lvm.c in Sources */,
				8974C5BC2BFBA11F00DCA906 /* ltablib.c in Sources */,
				8974C5BD2BFBA11F00DCA906 /* lparser.c in Sources */,
			);
			runOnlyForDeploymentPostprocessing = 0;
		};
/* End PBXSourcesBuildPhase section */

/* Begin XCBuildConfiguration section */
		8974C54D2BFB833F00DCA906 /* Debug */ = {
			isa = XCBuildConfiguration;
			buildSettings = {
				ALWAYS_SEARCH_USER_PATHS = NO;
				ASSETCATALOG_COMPILER_GENERATE_SWIFT_ASSET_SYMBOL_EXTENSIONS = YES;
				CLANG_ANALYZER_NONNULL = YES;
				CLANG_ANALYZER_NUMBER_OBJECT_CONVERSION = YES_AGGRESSIVE;
				CLANG_CXX_LANGUAGE_STANDARD = "gnu++20";
				CLANG_ENABLE_MODULES = YES;
				CLANG_ENABLE_OBJC_ARC = YES;
				CLANG_ENABLE_OBJC_WEAK = YES;
				CLANG_WARN_BLOCK_CAPTURE_AUTORELEASING = YES;
				CLANG_WARN_BOOL_CONVERSION = YES;
				CLANG_WARN_COMMA = YES;
				CLANG_WARN_CONSTANT_CONVERSION = YES;
				CLANG_WARN_DEPRECATED_OBJC_IMPLEMENTATIONS = YES;
				CLANG_WARN_DIRECT_OBJC_ISA_USAGE = YES_ERROR;
				CLANG_WARN_DOCUMENTATION_COMMENTS = YES;
				CLANG_WARN_EMPTY_BODY = YES;
				CLANG_WARN_ENUM_CONVERSION = YES;
				CLANG_WARN_INFINITE_RECURSION = YES;
				CLANG_WARN_INT_CONVERSION = YES;
				CLANG_WARN_NON_LITERAL_NULL_CONVERSION = YES;
				CLANG_WARN_OBJC_IMPLICIT_RETAIN_SELF = YES;
				CLANG_WARN_OBJC_LITERAL_CONVERSION = YES;
				CLANG_WARN_OBJC_ROOT_CLASS = YES_ERROR;
				CLANG_WARN_QUOTED_INCLUDE_IN_FRAMEWORK_HEADER = YES;
				CLANG_WARN_RANGE_LOOP_ANALYSIS = YES;
				CLANG_WARN_STRICT_PROTOTYPES = YES;
				CLANG_WARN_SUSPICIOUS_MOVE = YES;
				CLANG_WARN_UNGUARDED_AVAILABILITY = YES_AGGRESSIVE;
				CLANG_WARN_UNREACHABLE_CODE = YES;
				CLANG_WARN__DUPLICATE_METHOD_MATCH = YES;
				COPY_PHASE_STRIP = NO;
				DEBUG_INFORMATION_FORMAT = dwarf;
				ENABLE_STRICT_OBJC_MSGSEND = YES;
				ENABLE_TESTABILITY = YES;
				ENABLE_USER_SCRIPT_SANDBOXING = YES;
				EXCLUDED_RECURSIVE_SEARCH_PATH_SUBDIRECTORIES = "*.nib *.lproj *.gch *.xcode* *.xcassets (*) .DS_Store CVS .svn .git .hg *.pbproj *.pbxproj";
				GCC_C_LANGUAGE_STANDARD = gnu17;
				GCC_DYNAMIC_NO_PIC = NO;
				GCC_NO_COMMON_BLOCKS = YES;
				GCC_OPTIMIZATION_LEVEL = 0;
				GCC_PREPROCESSOR_DEFINITIONS = (
					"DEBUG=1",
					"$(inherited)",
				);
				GCC_WARN_64_TO_32_BIT_CONVERSION = YES;
				GCC_WARN_ABOUT_RETURN_TYPE = YES_ERROR;
				GCC_WARN_UNDECLARED_SELECTOR = YES;
				GCC_WARN_UNINITIALIZED_AUTOS = YES_AGGRESSIVE;
				GCC_WARN_UNUSED_FUNCTION = YES;
				GCC_WARN_UNUSED_VARIABLE = YES;
				HEADER_SEARCH_PATHS = (
					"$(PROJECT_DIR)",
					"$(PROJECT_DIR)/src/ThirdParty/sol2-3.3.0",
					"$(PROJECT_DIR)/src/ThirdParty/lua-5.4.6",
					"$(PROJECT_DIR)/src/ThirdParty/box2d-2.4.1",
					"$(PROJECT_DIR)/src/ThirdParty",
					"$(PROJECT_DIR)/src/ThirdParty/SDL2",
					"$(PROJECT_DIR)/src/ThirdParty/SDL2_image",
					"$(PROJECT_DIR)/src/ThirdParty/SDL2_mixer",
					"$(PROJECT_DIR)/src/ThirdParty/SDL2_ttf",
					"$(PROJECT_DIR)/src/ThirdParty/rapidjson-1.1.0/include/rapidjson",
					"$(PROJECT_DIR)/src/ThirdParty/glm/glm",
					"$(PROJECT_DIR)/src/ThirdParty/box2d-2.4.1/src",
					"$(PROJECT_DIR)/src/FirstParty",
				);
				LD_RUNPATH_SEARCH_PATHS = "$(PROJECT_DIR)/src/ThirdParty/frameworks";
				LOCALIZATION_PREFERS_STRING_CATALOGS = YES;
				MACOSX_DEPLOYMENT_TARGET = 14.2;
				MTL_ENABLE_DEBUG_INFO = INCLUDE_SOURCE;
				MTL_FAST_MATH = YES;
				ONLY_ACTIVE_ARCH = YES;
				REEXPORTED_LIBRARY_PATHS = "";
				SDKROOT = macosx;
			};
			name = Debug;
		};
		8974C54E2BFB833F00DCA906 /* Release */ = {
			isa = XCBuildConfiguration;
			buildSettings = {
				ALWAYS_SEARCH_USER_PATHS = NO;
				ASSETCATALOG_COMPILER_GENERATE_SWIFT_ASSET_SYMBOL_EXTENSIONS = YES;
				CLANG_ANALYZER_NONNULL = YES;
				CLANG_ANALYZER_NUMBER_OBJECT_CONVERSION = YES_AGGRESSIVE;
				CLANG_CXX_LANGUAGE_STANDARD = "gnu++20";
				CLANG_ENABLE_MODULES = YES;
				CLANG_ENABLE_OBJC_ARC = YES;
				CLANG_ENABLE_OBJC_WEAK = YES;
				CLANG_WARN_BLOCK_CAPTURE_AUTORELEASING = YES;
				CLANG_WARN_BOOL_CONVERSION = YES;
				CLANG_WARN_COMMA = YES;
				CLANG_WARN_CONSTANT_CONVERSION = YES;
				CLANG_WARN_DEPRECATED_OBJC_IMPLEMENTATIONS = YES;
				CLANG_WARN_DIRECT_OBJC_ISA_USAGE = YES_ERROR;
				CLANG_WARN_DOCUMENTATION_COMMENTS = YES;
				CLANG_WARN_EMPTY_BODY = YES;
				CLANG_WARN_ENUM_CONVERSION = YES;
				CLANG_WARN_INFINITE_RECURSION = YES;
				CLANG_WARN_INT_CONVERSION = YES;
				CLANG_WARN_NON_LITERAL_NULL_CONVERSION = YES;
				CLANG_WARN_OBJC_IMPLICIT_RETAIN_SELF = YES;
				CLANG_WARN_OBJC_LITERAL_CONVERSION = YES;
				CLANG_WARN_OBJC_ROOT_CLASS = YES_ERROR;
				CLANG_WARN_QUOTED_INCLUDE_IN_FRAMEWORK_HEADER = YES;
				CLANG_WARN_RANGE_LOOP_ANALYSIS = YES;
				CLANG_WARN_STRICT_PROTOTYPES = YES;
				CLANG_WARN_SUSPICIOUS_MOVE = YES;
				CLANG_WARN_UNGUARDED_AVAILABILITY = YES_AGGRESSIVE;
				CLANG_WARN_UNREACHABLE_CODE = YES;
				CLANG_WARN__DUPLICATE_METHOD_MATCH = YES;
				COPY_PHASE_STRIP = NO;
				DEBUG_INFORMATION_FORMAT = "dwarf-with-dsym";
				ENABLE_NS_ASSERTIONS = NO;
				ENABLE_STRICT_OBJC_MSGSEND = YES;
				ENABLE_USER_SCRIPT_SANDBOXING = YES;
				EXCLUDED_RECURSIVE_SEARCH_PATH_SUBDIRECTORIES = "*.nib *.lproj *.gch *.xcode* *.xcassets (*) .DS_Store CVS .svn .git .hg *.pbproj *.pbxproj";
				GCC_C_LANGUAGE_STANDARD = gnu17;
				GCC_NO_COMMON_BLOCKS = YES;
				GCC_WARN_64_TO_32_BIT_CONVERSION = YES;
				GCC_WARN_ABOUT_RETURN_TYPE = YES_ERROR;
				GCC_WARN_UNDECLARED_SELECTOR = YES;
				GCC_WARN_UNINITIALIZED_AUTOS = YES_AGGRESSIVE;
				GCC_WARN_UNUSED_FUNCTION = YES;
				GCC_WARN_UNUSED_VARIABLE = YES;
				HEADER_SEARCH_PATHS = (
					"$(PROJECT_DIR)",
					"$(PROJECT_DIR)/src/ThirdParty/sol2-3.3.0",
					"$(PROJECT_DIR)/src/ThirdParty/lua-5.4.6",
					"$(PROJECT_DIR)/src/ThirdParty/box2d-2.4.1",
					"$(PROJECT_DIR)/src/ThirdParty",
					"$(PROJECT_DIR)/src/ThirdParty/SDL2",
					"$(PROJECT_DIR)/src/ThirdParty/SDL2_image",
					"$(PROJECT_DIR)/src/ThirdParty/SDL2_mixer",
					"$(PROJECT_DIR)/src/ThirdParty/SDL2_ttf",
					"$(PROJECT_DIR)/src/ThirdParty/rapidjson-1.1.0/include/rapidjson",
					"$(PROJECT_DIR)/src/ThirdParty/glm/glm",
					"$(PROJECT_DIR)/src/ThirdParty/box2d-2.4.1/src",
					"$(PROJECT_DIR)/src/FirstParty",
				);
				LD_RUNPATH_SEARCH_PATHS = "$(PROJECT_DIR)/src/ThirdParty/frameworks";
				LOCALIZATION_PREFERS_STRING_CATALOGS = YES;
				MACOSX_DEPLOYMENT_TARGET = 14.2;
				MTL_ENABLE_DEBUG_INFO = NO;
				MTL_FAST_MATH = YES;
				REEXPORTED_LIBRARY_PATHS = "";
				SDKROOT = macosx;
			};
			name = Release;
		};
		8974C5502BFB833F00DCA906 /* Debug */ = {
			isa = XCBuildConfiguration;
			buildSettings = {
				CODE_SIGN_ENTITLEMENTS = wolverine_engine.entitlements;
				CODE_SIGN_STYLE = Automatic;
				DEVELOPMENT_TEAM = H4DRA2H5A4;
				ENABLE_HARDENED_RUNTIME = YES;
				EXCLUDED_RECURSIVE_SEARCH_PATH_SUBDIRECTORIES = "*.nib *.lproj *.gch *.xcode* *.xcassets (*) .DS_Store CVS .svn .git .hg *.pbproj *.pbxproj";
				FRAMEWORK_SEARCH_PATHS = (
					"$(inherited)",
					"$(PROJECT_DIR)/src/ThirdParty/frameworks/**",
				);
				PRODUCT_NAME = "$(TARGET_NAME)";
				SYSTEM_HEADER_SEARCH_PATHS = "";
			};
			name = Debug;
		};
		8974C5512BFB833F00DCA906 /* Release */ = {
			isa = XCBuildConfiguration;
			buildSettings = {
				CODE_SIGN_ENTITLEMENTS = wolverine_engine.entitlements;
				CODE_SIGN_STYLE = Automatic;
				DEVELOPMENT_TEAM = H4DRA2H5A4;
				ENABLE_HARDENED_RUNTIME = YES;
				EXCLUDED_RECURSIVE_SEARCH_PATH_SUBDIRECTORIES = "*.nib *.lproj *.gch *.xcode* *.xcassets (*) .DS_Store CVS .svn .git .hg *.pbproj *.pbxproj";
				FRAMEWORK_SEARCH_PATHS = (
					"$(inherited)",
					"$(PROJECT_DIR)/src/ThirdParty/frameworks/**",
				);
				PRODUCT_NAME = "$(TARGET_NAME)";
				SYSTEM_HEADER_SEARCH_PATHS = "";
			};
			name = Release;
		};
/* End XCBuildConfiguration section */

/* Begin XCConfigurationList section */
		8974C5432BFB833F00DCA906 /* Build configuration list for PBXProject "wolverine_engine" */ = {
			isa = XCConfigurationList;
			buildConfigurations = (
				8974C54D2BFB833F00DCA906 /* Debug */,
				8974C54E2BFB833F00DCA906 /* Release */,
			);
			defaultConfigurationIsVisible = 0;
			defaultConfigurationName = Release;
		};
		8974C54F2BFB833F00DCA906 /* Build configuration list for PBXNativeTarget "wolverine_engine" */ = {
			isa = XCConfigurationList;
			buildConfigurations = (
				8974C5502BFB833F00DCA906 /* Debug */,
				8974C5512BFB833F00DCA906 /* Release */,
			);
			defaultConfigurationIsVisible = 0;
			defaultConfigurationName = Release;
		};
/* End XCConfigurationList section */
	};
	rootObject = 8974C5402BFB833F00DCA906 /* Project object */;
}
